{
  "version": 4,
  "terraform_version": "1.11.4",
  "serial": 5,
  "lineage": "6d09c0bc-4790-9c6a-94ff-b254d8041cae",
  "outputs": {
    "autoscaling_group_name": {
      "value": "BookStore-ASG",
      "type": "string"
    },
    "dns_name": {
      "value": "proyecto2.shop",
      "type": "string"
    },
    "efs_dns_name": {
      "value": "fs-069ffb4263c348402.efs.us-east-1.amazonaws.com",
      "type": "string"
    }
  },
  "resources": [
    {
      "mode": "data",
      "type": "aws_subnets",
      "name": "default",
      "provider": "provider[\"registry.terraform.io/hashicorp/aws\"]",
      "instances": [
        {
          "schema_version": 0,
          "attributes": {
            "filter": [
              {
                "name": "vpc-id",
                "values": [
                  "vpc-01b2fc5c426c5592c"
                ]
              }
            ],
            "id": "us-east-1",
            "ids": [
              "subnet-09e5ca898265a130f",
              "subnet-023dfe6642da400f2",
              "subnet-0af0f35fcd23de9be",
              "subnet-0dec154b4ab0084f4",
              "subnet-0f94178fb2e85309f",
              "subnet-0f7f250436fdc5d73"
            ],
            "tags": null,
            "timeouts": null
          },
          "sensitive_attributes": []
        }
      ]
    },
    {
      "mode": "data",
      "type": "aws_vpc",
      "name": "default",
      "provider": "provider[\"registry.terraform.io/hashicorp/aws\"]",
      "instances": [
        {
          "schema_version": 0,
          "attributes": {
            "arn": "arn:aws:ec2:us-east-1:545005169782:vpc/vpc-01b2fc5c426c5592c",
            "cidr_block": "172.31.0.0/16",
            "cidr_block_associations": [
              {
                "association_id": "vpc-cidr-assoc-0facd5beb2ead77b6",
                "cidr_block": "172.31.0.0/16",
                "state": "associated"
              }
            ],
            "default": true,
            "dhcp_options_id": "dopt-0f544c3d4d1dfc015",
            "enable_dns_hostnames": true,
            "enable_dns_support": true,
            "enable_network_address_usage_metrics": false,
            "filter": null,
            "id": "vpc-01b2fc5c426c5592c",
            "instance_tenancy": "default",
            "ipv6_association_id": "",
            "ipv6_cidr_block": "",
            "main_route_table_id": "rtb-08d9dfea554717031",
            "owner_id": "545005169782",
            "state": null,
            "tags": {},
            "timeouts": null
          },
          "sensitive_attributes": []
        }
      ]
    },
    {
      "mode": "managed",
      "type": "aws_db_subnet_group",
      "name": "bookstore_db_subnet",
      "provider": "provider[\"registry.terraform.io/hashicorp/aws\"]",
      "instances": [
        {
          "schema_version": 0,
          "attributes": {
            "arn": "arn:aws:rds:us-east-1:545005169782:subgrp:bookstore-db-subnet",
            "description": "Managed by Terraform",
            "id": "bookstore-db-subnet",
            "name": "bookstore-db-subnet",
            "name_prefix": "",
            "subnet_ids": [
              "subnet-023dfe6642da400f2",
              "subnet-09e5ca898265a130f",
              "subnet-0af0f35fcd23de9be",
              "subnet-0dec154b4ab0084f4",
              "subnet-0f7f250436fdc5d73",
              "subnet-0f94178fb2e85309f"
            ],
            "supported_network_types": [
              "IPV4"
            ],
            "tags": {
              "Name": "BookStore-db-subnet"
            },
            "tags_all": {
              "Name": "BookStore-db-subnet"
            },
            "vpc_id": "vpc-01b2fc5c426c5592c"
          },
          "sensitive_attributes": [],
          "private": "bnVsbA==",
          "dependencies": [
            "data.aws_subnets.default",
            "data.aws_vpc.default"
          ]
        }
      ]
    },
    {
      "mode": "managed",
      "type": "aws_efs_file_system",
      "name": "bookstore_efs",
      "provider": "provider[\"registry.terraform.io/hashicorp/aws\"]",
      "instances": [
        {
          "schema_version": 0,
          "attributes": {
            "arn": "arn:aws:elasticfilesystem:us-east-1:545005169782:file-system/fs-069ffb4263c348402",
            "availability_zone_id": "",
            "availability_zone_name": "",
            "creation_token": "BookStore-EFS",
            "dns_name": "fs-069ffb4263c348402.efs.us-east-1.amazonaws.com",
            "encrypted": true,
            "id": "fs-069ffb4263c348402",
            "kms_key_id": "arn:aws:kms:us-east-1:545005169782:key/e406718c-d7dc-4795-889a-4339ce10dcb0",
            "lifecycle_policy": [
              {
                "transition_to_archive": "",
                "transition_to_ia": "AFTER_30_DAYS",
                "transition_to_primary_storage_class": ""
              }
            ],
            "name": "BookStore-EFS",
            "number_of_mount_targets": 0,
            "owner_id": "545005169782",
            "performance_mode": "generalPurpose",
            "protection": [
              {
                "replication_overwrite": "ENABLED"
              }
            ],
            "provisioned_throughput_in_mibps": 0,
            "size_in_bytes": [
              {
                "value": 6144,
                "value_in_ia": 0,
                "value_in_standard": 6144
              }
            ],
            "tags": {
              "Name": "BookStore-EFS"
            },
            "tags_all": {
              "Name": "BookStore-EFS"
            },
            "throughput_mode": "bursting"
          },
          "sensitive_attributes": [],
          "private": "bnVsbA=="
        }
      ]
    },
    {
      "mode": "managed",
      "type": "aws_lb_target_group",
      "name": "bookstore_tg",
      "provider": "provider[\"registry.terraform.io/hashicorp/aws\"]",
      "instances": [
        {
          "schema_version": 0,
          "attributes": {
            "arn": "arn:aws:elasticloadbalancing:us-east-1:545005169782:targetgroup/BookStore-TG/d3512bbf60fb2efb",
            "arn_suffix": "targetgroup/BookStore-TG/d3512bbf60fb2efb",
            "connection_termination": null,
            "deregistration_delay": "300",
            "health_check": [
              {
                "enabled": true,
                "healthy_threshold": 3,
                "interval": 30,
                "matcher": "200",
                "path": "/",
                "port": "5000",
                "protocol": "HTTP",
                "timeout": 5,
                "unhealthy_threshold": 3
              }
            ],
            "id": "arn:aws:elasticloadbalancing:us-east-1:545005169782:targetgroup/BookStore-TG/d3512bbf60fb2efb",
            "ip_address_type": "ipv4",
            "lambda_multi_value_headers_enabled": false,
            "load_balancer_arns": [],
            "load_balancing_algorithm_type": "round_robin",
            "load_balancing_anomaly_mitigation": "off",
            "load_balancing_cross_zone_enabled": "use_load_balancer_configuration",
            "name": "BookStore-TG",
            "name_prefix": "",
            "port": 5000,
            "preserve_client_ip": null,
            "protocol": "HTTP",
            "protocol_version": "HTTP1",
            "proxy_protocol_v2": false,
            "slow_start": 0,
            "stickiness": [
              {
                "cookie_duration": 86400,
                "cookie_name": "",
                "enabled": false,
                "type": "lb_cookie"
              }
            ],
            "tags": {
              "Name": "BookStore-TG"
            },
            "tags_all": {
              "Name": "BookStore-TG"
            },
            "target_failover": [
              {
                "on_deregistration": null,
                "on_unhealthy": null
              }
            ],
            "target_group_health": [
              {
                "dns_failover": [
                  {
                    "minimum_healthy_targets_count": "1",
                    "minimum_healthy_targets_percentage": "off"
                  }
                ],
                "unhealthy_state_routing": [
                  {
                    "minimum_healthy_targets_count": 1,
                    "minimum_healthy_targets_percentage": "off"
                  }
                ]
              }
            ],
            "target_health_state": [
              {
                "enable_unhealthy_connection_termination": null,
                "unhealthy_draining_interval": null
              }
            ],
            "target_type": "instance",
            "vpc_id": "vpc-01b2fc5c426c5592c"
          },
          "sensitive_attributes": [],
          "private": "bnVsbA==",
          "dependencies": [
            "data.aws_vpc.default"
          ]
        }
      ]
    }
  ],
  "check_results": null
}
