{
  "version": 4,
  "terraform_version": "1.11.4",
  "serial": 25,
  "lineage": "6d09c0bc-4790-9c6a-94ff-b254d8041cae",
  "outputs": {
    "autoscaling_group_name": {
      "value": "BookStore-ASG",
      "type": "string"
    },
    "dns_name": {
      "value": "proyecto2.shop",
      "type": "string"
    },
    "efs_dns_name": {
      "value": "fs-069ffb4263c348402.efs.us-east-1.amazonaws.com",
      "type": "string"
    },
    "load_balancer_dns": {
      "value": "BookStore-ALB-990994290.us-east-1.elb.amazonaws.com",
      "type": "string"
    },
    "rds_endpoint": {
      "value": "terraform-20250513040039341300000001.cgkdiqpwnbep.us-east-1.rds.amazonaws.com:3306",
      "type": "string"
    }
  },
  "resources": [
    {
      "mode": "data",
      "type": "aws_subnets",
      "name": "default",
      "provider": "provider[\"registry.terraform.io/hashicorp/aws\"]",
      "instances": [
        {
          "schema_version": 0,
          "attributes": {
            "filter": [
              {
                "name": "vpc-id",
                "values": [
                  "vpc-01b2fc5c426c5592c"
                ]
              }
            ],
            "id": "us-east-1",
            "ids": [
              "subnet-09e5ca898265a130f",
              "subnet-023dfe6642da400f2",
              "subnet-0af0f35fcd23de9be",
              "subnet-0dec154b4ab0084f4",
              "subnet-0f94178fb2e85309f",
              "subnet-0f7f250436fdc5d73"
            ],
            "tags": null,
            "timeouts": null
          },
          "sensitive_attributes": []
        }
      ]
    },
    {
      "mode": "data",
      "type": "aws_vpc",
      "name": "default",
      "provider": "provider[\"registry.terraform.io/hashicorp/aws\"]",
      "instances": [
        {
          "schema_version": 0,
          "attributes": {
            "arn": "arn:aws:ec2:us-east-1:545005169782:vpc/vpc-01b2fc5c426c5592c",
            "cidr_block": "172.31.0.0/16",
            "cidr_block_associations": [
              {
                "association_id": "vpc-cidr-assoc-0facd5beb2ead77b6",
                "cidr_block": "172.31.0.0/16",
                "state": "associated"
              }
            ],
            "default": true,
            "dhcp_options_id": "dopt-0f544c3d4d1dfc015",
            "enable_dns_hostnames": true,
            "enable_dns_support": true,
            "enable_network_address_usage_metrics": false,
            "filter": null,
            "id": "vpc-01b2fc5c426c5592c",
            "instance_tenancy": "default",
            "ipv6_association_id": "",
            "ipv6_cidr_block": "",
            "main_route_table_id": "rtb-08d9dfea554717031",
            "owner_id": "545005169782",
            "state": null,
            "tags": {},
            "timeouts": null
          },
          "sensitive_attributes": []
        }
      ]
    },
    {
      "mode": "managed",
      "type": "aws_autoscaling_group",
      "name": "bookstore_asg",
      "provider": "provider[\"registry.terraform.io/hashicorp/aws\"]",
      "instances": [
        {
          "schema_version": 1,
          "attributes": {
            "arn": "arn:aws:autoscaling:us-east-1:545005169782:autoScalingGroup:4e1679b4-d363-426b-924f-95edd01bff52:autoScalingGroupName/BookStore-ASG",
            "availability_zone_distribution": [
              {
                "capacity_distribution_strategy": "balanced-best-effort"
              }
            ],
            "availability_zones": [
              "us-east-1a",
              "us-east-1b",
              "us-east-1c",
              "us-east-1d",
              "us-east-1e",
              "us-east-1f"
            ],
            "capacity_rebalance": false,
            "context": "",
            "default_cooldown": 300,
            "default_instance_warmup": 0,
            "desired_capacity": 2,
            "desired_capacity_type": "",
            "enabled_metrics": null,
            "force_delete": false,
            "force_delete_warm_pool": false,
            "health_check_grace_period": 300,
            "health_check_type": "ELB",
            "id": "BookStore-ASG",
            "ignore_failed_scaling_activities": false,
            "initial_lifecycle_hook": [],
            "instance_maintenance_policy": [],
            "instance_refresh": [],
            "launch_configuration": "",
            "launch_template": [
              {
                "id": "lt-04aac050f266f1ea9",
                "name": "BookStore-LT-20250513041128522400000002",
                "version": "$Latest"
              }
            ],
            "load_balancers": [],
            "max_instance_lifetime": 0,
            "max_size": 4,
            "metrics_granularity": "1Minute",
            "min_elb_capacity": null,
            "min_size": 2,
            "mixed_instances_policy": [],
            "name": "BookStore-ASG",
            "name_prefix": "",
            "placement_group": "",
            "predicted_capacity": 0,
            "protect_from_scale_in": false,
            "service_linked_role_arn": "arn:aws:iam::545005169782:role/aws-service-role/autoscaling.amazonaws.com/AWSServiceRoleForAutoScaling",
            "suspended_processes": null,
            "tag": [
              {
                "key": "Name",
                "propagate_at_launch": true,
                "value": "BookStore-ASG-Instance"
              }
            ],
            "target_group_arns": [
              "arn:aws:elasticloadbalancing:us-east-1:545005169782:targetgroup/BookStore-TG/d3512bbf60fb2efb"
            ],
            "termination_policies": null,
            "timeouts": null,
            "traffic_source": [
              {
                "identifier": "arn:aws:elasticloadbalancing:us-east-1:545005169782:targetgroup/BookStore-TG/d3512bbf60fb2efb",
                "type": "elbv2"
              }
            ],
            "vpc_zone_identifier": [
              "subnet-023dfe6642da400f2",
              "subnet-09e5ca898265a130f",
              "subnet-0af0f35fcd23de9be",
              "subnet-0dec154b4ab0084f4",
              "subnet-0f7f250436fdc5d73",
              "subnet-0f94178fb2e85309f"
            ],
            "wait_for_capacity_timeout": "10m",
            "wait_for_elb_capacity": null,
            "warm_pool": [],
            "warm_pool_size": 0
          },
          "sensitive_attributes": [],
          "private": "eyJlMmJmYjczMC1lY2FhLTExZTYtOGY4OC0zNDM2M2JjN2M0YzAiOnsiZGVsZXRlIjo2MDAwMDAwMDAwMDAsInVwZGF0ZSI6NjAwMDAwMDAwMDAwfSwic2NoZW1hX3ZlcnNpb24iOiIxIn0=",
          "dependencies": [
            "aws_db_instance.bookstore_db",
            "aws_db_subnet_group.bookstore_db_subnet",
            "aws_efs_file_system.bookstore_efs",
            "aws_efs_mount_target.bookstore_efs_mt",
            "aws_launch_template.bookstore_lt",
            "aws_lb_target_group.bookstore_tg",
            "aws_security_group.alb_sg",
            "aws_security_group.ec2_sg",
            "aws_security_group.efs_sg",
            "aws_security_group.rds_sg",
            "data.aws_subnets.default",
            "data.aws_vpc.default"
          ]
        }
      ]
    },
    {
      "mode": "managed",
      "type": "aws_autoscaling_policy",
      "name": "scale_down",
      "provider": "provider[\"registry.terraform.io/hashicorp/aws\"]",
      "instances": [
        {
          "schema_version": 0,
          "attributes": {
            "adjustment_type": "ChangeInCapacity",
            "arn": "arn:aws:autoscaling:us-east-1:545005169782:scalingPolicy:53928de5-894b-4eca-b403-3ae0004fed5a:autoScalingGroupName/BookStore-ASG:policyName/BookStore-ASG-ScaleDown",
            "autoscaling_group_name": "BookStore-ASG",
            "cooldown": 300,
            "enabled": true,
            "estimated_instance_warmup": 0,
            "id": "BookStore-ASG-ScaleDown",
            "metric_aggregation_type": "",
            "min_adjustment_magnitude": 0,
            "name": "BookStore-ASG-ScaleDown",
            "policy_type": "SimpleScaling",
            "predictive_scaling_configuration": [],
            "scaling_adjustment": -1,
            "step_adjustment": [],
            "target_tracking_configuration": []
          },
          "sensitive_attributes": [],
          "private": "bnVsbA==",
          "dependencies": [
            "aws_autoscaling_group.bookstore_asg",
            "aws_db_instance.bookstore_db",
            "aws_db_subnet_group.bookstore_db_subnet",
            "aws_efs_file_system.bookstore_efs",
            "aws_efs_mount_target.bookstore_efs_mt",
            "aws_launch_template.bookstore_lt",
            "aws_lb_target_group.bookstore_tg",
            "aws_security_group.alb_sg",
            "aws_security_group.ec2_sg",
            "aws_security_group.efs_sg",
            "aws_security_group.rds_sg",
            "data.aws_subnets.default",
            "data.aws_vpc.default"
          ]
        }
      ]
    },
    {
      "mode": "managed",
      "type": "aws_autoscaling_policy",
      "name": "scale_up",
      "provider": "provider[\"registry.terraform.io/hashicorp/aws\"]",
      "instances": [
        {
          "schema_version": 0,
          "attributes": {
            "adjustment_type": "ChangeInCapacity",
            "arn": "arn:aws:autoscaling:us-east-1:545005169782:scalingPolicy:444977fb-3d21-4d63-a0bb-d253d6e268d8:autoScalingGroupName/BookStore-ASG:policyName/BookStore-ASG-ScaleUp",
            "autoscaling_group_name": "BookStore-ASG",
            "cooldown": 300,
            "enabled": true,
            "estimated_instance_warmup": 0,
            "id": "BookStore-ASG-ScaleUp",
            "metric_aggregation_type": "",
            "min_adjustment_magnitude": 0,
            "name": "BookStore-ASG-ScaleUp",
            "policy_type": "SimpleScaling",
            "predictive_scaling_configuration": [],
            "scaling_adjustment": 1,
            "step_adjustment": [],
            "target_tracking_configuration": []
          },
          "sensitive_attributes": [],
          "private": "bnVsbA==",
          "dependencies": [
            "aws_autoscaling_group.bookstore_asg",
            "aws_db_instance.bookstore_db",
            "aws_db_subnet_group.bookstore_db_subnet",
            "aws_efs_file_system.bookstore_efs",
            "aws_efs_mount_target.bookstore_efs_mt",
            "aws_launch_template.bookstore_lt",
            "aws_lb_target_group.bookstore_tg",
            "aws_security_group.alb_sg",
            "aws_security_group.ec2_sg",
            "aws_security_group.efs_sg",
            "aws_security_group.rds_sg",
            "data.aws_subnets.default",
            "data.aws_vpc.default"
          ]
        }
      ]
    },
    {
      "mode": "managed",
      "type": "aws_cloudwatch_metric_alarm",
      "name": "high_cpu",
      "provider": "provider[\"registry.terraform.io/hashicorp/aws\"]",
      "instances": [
        {
          "schema_version": 1,
          "attributes": {
            "actions_enabled": true,
            "alarm_actions": [
              "arn:aws:autoscaling:us-east-1:545005169782:scalingPolicy:444977fb-3d21-4d63-a0bb-d253d6e268d8:autoScalingGroupName/BookStore-ASG:policyName/BookStore-ASG-ScaleUp"
            ],
            "alarm_description": "This metric monitors EC2 CPU utilization",
            "alarm_name": "BookStore-HighCPUAlarm",
            "arn": "arn:aws:cloudwatch:us-east-1:545005169782:alarm:BookStore-HighCPUAlarm",
            "comparison_operator": "GreaterThanThreshold",
            "datapoints_to_alarm": 0,
            "dimensions": {
              "AutoScalingGroupName": "BookStore-ASG"
            },
            "evaluate_low_sample_count_percentiles": "",
            "evaluation_periods": 2,
            "extended_statistic": "",
            "id": "BookStore-HighCPUAlarm",
            "insufficient_data_actions": null,
            "metric_name": "CPUUtilization",
            "metric_query": [],
            "namespace": "AWS/EC2",
            "ok_actions": null,
            "period": 120,
            "statistic": "Average",
            "tags": null,
            "tags_all": {},
            "threshold": 70,
            "threshold_metric_id": "",
            "treat_missing_data": "missing",
            "unit": ""
          },
          "sensitive_attributes": [],
          "private": "eyJzY2hlbWFfdmVyc2lvbiI6IjEifQ==",
          "dependencies": [
            "aws_autoscaling_group.bookstore_asg",
            "aws_autoscaling_policy.scale_up",
            "aws_db_instance.bookstore_db",
            "aws_db_subnet_group.bookstore_db_subnet",
            "aws_efs_file_system.bookstore_efs",
            "aws_efs_mount_target.bookstore_efs_mt",
            "aws_launch_template.bookstore_lt",
            "aws_lb_target_group.bookstore_tg",
            "aws_security_group.alb_sg",
            "aws_security_group.ec2_sg",
            "aws_security_group.efs_sg",
            "aws_security_group.rds_sg",
            "data.aws_subnets.default",
            "data.aws_vpc.default"
          ]
        }
      ]
    },
    {
      "mode": "managed",
      "type": "aws_cloudwatch_metric_alarm",
      "name": "low_cpu",
      "provider": "provider[\"registry.terraform.io/hashicorp/aws\"]",
      "instances": [
        {
          "schema_version": 1,
          "attributes": {
            "actions_enabled": true,
            "alarm_actions": [
              "arn:aws:autoscaling:us-east-1:545005169782:scalingPolicy:53928de5-894b-4eca-b403-3ae0004fed5a:autoScalingGroupName/BookStore-ASG:policyName/BookStore-ASG-ScaleDown"
            ],
            "alarm_description": "This metric monitors EC2 CPU utilization",
            "alarm_name": "BookStore-LowCPUAlarm",
            "arn": "arn:aws:cloudwatch:us-east-1:545005169782:alarm:BookStore-LowCPUAlarm",
            "comparison_operator": "LessThanThreshold",
            "datapoints_to_alarm": 0,
            "dimensions": {
              "AutoScalingGroupName": "BookStore-ASG"
            },
            "evaluate_low_sample_count_percentiles": "",
            "evaluation_periods": 2,
            "extended_statistic": "",
            "id": "BookStore-LowCPUAlarm",
            "insufficient_data_actions": null,
            "metric_name": "CPUUtilization",
            "metric_query": [],
            "namespace": "AWS/EC2",
            "ok_actions": null,
            "period": 120,
            "statistic": "Average",
            "tags": null,
            "tags_all": {},
            "threshold": 30,
            "threshold_metric_id": "",
            "treat_missing_data": "missing",
            "unit": ""
          },
          "sensitive_attributes": [],
          "private": "eyJzY2hlbWFfdmVyc2lvbiI6IjEifQ==",
          "dependencies": [
            "aws_autoscaling_group.bookstore_asg",
            "aws_autoscaling_policy.scale_down",
            "aws_db_instance.bookstore_db",
            "aws_db_subnet_group.bookstore_db_subnet",
            "aws_efs_file_system.bookstore_efs",
            "aws_efs_mount_target.bookstore_efs_mt",
            "aws_launch_template.bookstore_lt",
            "aws_lb_target_group.bookstore_tg",
            "aws_security_group.alb_sg",
            "aws_security_group.ec2_sg",
            "aws_security_group.efs_sg",
            "aws_security_group.rds_sg",
            "data.aws_subnets.default",
            "data.aws_vpc.default"
          ]
        }
      ]
    },
    {
      "mode": "managed",
      "type": "aws_db_instance",
      "name": "bookstore_db",
      "provider": "provider[\"registry.terraform.io/hashicorp/aws\"]",
      "instances": [
        {
          "schema_version": 2,
          "attributes": {
            "address": "terraform-20250513040039341300000001.cgkdiqpwnbep.us-east-1.rds.amazonaws.com",
            "allocated_storage": 20,
            "allow_major_version_upgrade": null,
            "apply_immediately": false,
            "arn": "arn:aws:rds:us-east-1:545005169782:db:terraform-20250513040039341300000001",
            "auto_minor_version_upgrade": true,
            "availability_zone": "us-east-1f",
            "backup_retention_period": 0,
            "backup_target": "region",
            "backup_window": "04:09-04:39",
            "blue_green_update": [],
            "ca_cert_identifier": "rds-ca-rsa2048-g1",
            "character_set_name": "",
            "copy_tags_to_snapshot": false,
            "custom_iam_instance_profile": "",
            "customer_owned_ip_enabled": false,
            "database_insights_mode": "standard",
            "db_name": "bookstore",
            "db_subnet_group_name": "bookstore-db-subnet",
            "dedicated_log_volume": false,
            "delete_automated_backups": true,
            "deletion_protection": false,
            "domain": "",
            "domain_auth_secret_arn": "",
            "domain_dns_ips": null,
            "domain_fqdn": "",
            "domain_iam_role_name": "",
            "domain_ou": "",
            "enabled_cloudwatch_logs_exports": null,
            "endpoint": "terraform-20250513040039341300000001.cgkdiqpwnbep.us-east-1.rds.amazonaws.com:3306",
            "engine": "mysql",
            "engine_lifecycle_support": "open-source-rds-extended-support",
            "engine_version": "8.0",
            "engine_version_actual": "8.0.41",
            "final_snapshot_identifier": null,
            "hosted_zone_id": "Z2R2ITUGPM61AM",
            "iam_database_authentication_enabled": false,
            "id": "db-ZVJYUB5TBLXOZEZVPB7QLG75CQ",
            "identifier": "terraform-20250513040039341300000001",
            "identifier_prefix": "terraform-",
            "instance_class": "db.t3.micro",
            "iops": 0,
            "kms_key_id": "",
            "latest_restorable_time": "",
            "license_model": "general-public-license",
            "listener_endpoint": [],
            "maintenance_window": "thu:08:12-thu:08:42",
            "manage_master_user_password": null,
            "master_user_secret": [],
            "master_user_secret_kms_key_id": null,
            "max_allocated_storage": 0,
            "monitoring_interval": 0,
            "monitoring_role_arn": "",
            "multi_az": true,
            "nchar_character_set_name": "",
            "network_type": "IPV4",
            "option_group_name": "default:mysql-8-0",
            "parameter_group_name": "default.mysql8.0",
            "password": "123456789*",
            "password_wo": null,
            "password_wo_version": null,
            "performance_insights_enabled": false,
            "performance_insights_kms_key_id": "",
            "performance_insights_retention_period": 0,
            "port": 3306,
            "publicly_accessible": false,
            "replica_mode": "",
            "replicas": [],
            "replicate_source_db": "",
            "resource_id": "db-ZVJYUB5TBLXOZEZVPB7QLG75CQ",
            "restore_to_point_in_time": [],
            "s3_import": [],
            "skip_final_snapshot": true,
            "snapshot_identifier": null,
            "status": "available",
            "storage_encrypted": false,
            "storage_throughput": 0,
            "storage_type": "gp2",
            "tags": {
              "Name": "BookStore-RDS"
            },
            "tags_all": {
              "Name": "BookStore-RDS"
            },
            "timeouts": null,
            "timezone": "",
            "upgrade_storage_config": null,
            "username": "bookstore_user",
            "vpc_security_group_ids": [
              "sg-0afb39e1068d95e6d"
            ]
          },
          "sensitive_attributes": [
            [
              {
                "type": "get_attr",
                "value": "password_wo"
              }
            ],
            [
              {
                "type": "get_attr",
                "value": "password"
              }
            ]
          ],
          "private": "eyJlMmJmYjczMC1lY2FhLTExZTYtOGY4OC0zNDM2M2JjN2M0YzAiOnsiY3JlYXRlIjozMDAwMDAwMDAwMDAwLCJkZWxldGUiOjM2MDAwMDAwMDAwMDAsInVwZGF0ZSI6NDgwMDAwMDAwMDAwMH0sInNjaGVtYV92ZXJzaW9uIjoiMiJ9",
          "dependencies": [
            "aws_db_subnet_group.bookstore_db_subnet",
            "aws_security_group.alb_sg",
            "aws_security_group.ec2_sg",
            "aws_security_group.rds_sg",
            "data.aws_subnets.default",
            "data.aws_vpc.default"
          ]
        }
      ]
    },
    {
      "mode": "managed",
      "type": "aws_db_subnet_group",
      "name": "bookstore_db_subnet",
      "provider": "provider[\"registry.terraform.io/hashicorp/aws\"]",
      "instances": [
        {
          "schema_version": 0,
          "attributes": {
            "arn": "arn:aws:rds:us-east-1:545005169782:subgrp:bookstore-db-subnet",
            "description": "Managed by Terraform",
            "id": "bookstore-db-subnet",
            "name": "bookstore-db-subnet",
            "name_prefix": "",
            "subnet_ids": [
              "subnet-023dfe6642da400f2",
              "subnet-09e5ca898265a130f",
              "subnet-0af0f35fcd23de9be",
              "subnet-0dec154b4ab0084f4",
              "subnet-0f7f250436fdc5d73",
              "subnet-0f94178fb2e85309f"
            ],
            "supported_network_types": [
              "IPV4"
            ],
            "tags": {
              "Name": "BookStore-db-subnet"
            },
            "tags_all": {
              "Name": "BookStore-db-subnet"
            },
            "vpc_id": "vpc-01b2fc5c426c5592c"
          },
          "sensitive_attributes": [],
          "private": "bnVsbA==",
          "dependencies": [
            "data.aws_subnets.default",
            "data.aws_vpc.default"
          ]
        }
      ]
    },
    {
      "mode": "managed",
      "type": "aws_efs_file_system",
      "name": "bookstore_efs",
      "provider": "provider[\"registry.terraform.io/hashicorp/aws\"]",
      "instances": [
        {
          "schema_version": 0,
          "attributes": {
            "arn": "arn:aws:elasticfilesystem:us-east-1:545005169782:file-system/fs-069ffb4263c348402",
            "availability_zone_id": "",
            "availability_zone_name": "",
            "creation_token": "BookStore-EFS",
            "dns_name": "fs-069ffb4263c348402.efs.us-east-1.amazonaws.com",
            "encrypted": true,
            "id": "fs-069ffb4263c348402",
            "kms_key_id": "arn:aws:kms:us-east-1:545005169782:key/e406718c-d7dc-4795-889a-4339ce10dcb0",
            "lifecycle_policy": [
              {
                "transition_to_archive": "",
                "transition_to_ia": "AFTER_30_DAYS",
                "transition_to_primary_storage_class": ""
              }
            ],
            "name": "BookStore-EFS",
            "number_of_mount_targets": 0,
            "owner_id": "545005169782",
            "performance_mode": "generalPurpose",
            "protection": [
              {
                "replication_overwrite": "ENABLED"
              }
            ],
            "provisioned_throughput_in_mibps": 0,
            "size_in_bytes": [
              {
                "value": 6144,
                "value_in_ia": 0,
                "value_in_standard": 6144
              }
            ],
            "tags": {
              "Name": "BookStore-EFS"
            },
            "tags_all": {
              "Name": "BookStore-EFS"
            },
            "throughput_mode": "bursting"
          },
          "sensitive_attributes": [],
          "private": "bnVsbA=="
        }
      ]
    },
    {
      "mode": "managed",
      "type": "aws_efs_mount_target",
      "name": "bookstore_efs_mt",
      "provider": "provider[\"registry.terraform.io/hashicorp/aws\"]",
      "instances": [
        {
          "index_key": 0,
          "schema_version": 0,
          "attributes": {
            "availability_zone_id": "use1-az1",
            "availability_zone_name": "us-east-1b",
            "dns_name": "fs-069ffb4263c348402.efs.us-east-1.amazonaws.com",
            "file_system_arn": "arn:aws:elasticfilesystem:us-east-1:545005169782:file-system/fs-069ffb4263c348402",
            "file_system_id": "fs-069ffb4263c348402",
            "id": "fsmt-06d2c494077f3c06a",
            "ip_address": "172.31.7.228",
            "mount_target_dns_name": "us-east-1b.fs-069ffb4263c348402.efs.us-east-1.amazonaws.com",
            "network_interface_id": "eni-0931e132efa0b2c9f",
            "owner_id": "545005169782",
            "security_groups": [
              "sg-01ec4d2199e1e1dda"
            ],
            "subnet_id": "subnet-09e5ca898265a130f",
            "timeouts": null
          },
          "sensitive_attributes": [],
          "private": "eyJlMmJmYjczMC1lY2FhLTExZTYtOGY4OC0zNDM2M2JjN2M0YzAiOnsiY3JlYXRlIjoxODAwMDAwMDAwMDAwLCJkZWxldGUiOjYwMDAwMDAwMDAwMH19",
          "dependencies": [
            "aws_efs_file_system.bookstore_efs",
            "aws_security_group.alb_sg",
            "aws_security_group.ec2_sg",
            "aws_security_group.efs_sg",
            "data.aws_subnets.default",
            "data.aws_vpc.default"
          ]
        },
        {
          "index_key": 1,
          "schema_version": 0,
          "attributes": {
            "availability_zone_id": "use1-az6",
            "availability_zone_name": "us-east-1a",
            "dns_name": "fs-069ffb4263c348402.efs.us-east-1.amazonaws.com",
            "file_system_arn": "arn:aws:elasticfilesystem:us-east-1:545005169782:file-system/fs-069ffb4263c348402",
            "file_system_id": "fs-069ffb4263c348402",
            "id": "fsmt-04771da9ab989b4f2",
            "ip_address": "172.31.46.134",
            "mount_target_dns_name": "us-east-1a.fs-069ffb4263c348402.efs.us-east-1.amazonaws.com",
            "network_interface_id": "eni-00b7506ce4b2d1696",
            "owner_id": "545005169782",
            "security_groups": [
              "sg-01ec4d2199e1e1dda"
            ],
            "subnet_id": "subnet-023dfe6642da400f2",
            "timeouts": null
          },
          "sensitive_attributes": [],
          "private": "eyJlMmJmYjczMC1lY2FhLTExZTYtOGY4OC0zNDM2M2JjN2M0YzAiOnsiY3JlYXRlIjoxODAwMDAwMDAwMDAwLCJkZWxldGUiOjYwMDAwMDAwMDAwMH19",
          "dependencies": [
            "aws_efs_file_system.bookstore_efs",
            "aws_security_group.alb_sg",
            "aws_security_group.ec2_sg",
            "aws_security_group.efs_sg",
            "data.aws_subnets.default",
            "data.aws_vpc.default"
          ]
        },
        {
          "index_key": 2,
          "schema_version": 0,
          "attributes": {
            "availability_zone_id": "use1-az3",
            "availability_zone_name": "us-east-1e",
            "dns_name": "fs-069ffb4263c348402.efs.us-east-1.amazonaws.com",
            "file_system_arn": "arn:aws:elasticfilesystem:us-east-1:545005169782:file-system/fs-069ffb4263c348402",
            "file_system_id": "fs-069ffb4263c348402",
            "id": "fsmt-0a650616f351cfd19",
            "ip_address": "172.31.57.125",
            "mount_target_dns_name": "us-east-1e.fs-069ffb4263c348402.efs.us-east-1.amazonaws.com",
            "network_interface_id": "eni-0575c662fa357439b",
            "owner_id": "545005169782",
            "security_groups": [
              "sg-01ec4d2199e1e1dda"
            ],
            "subnet_id": "subnet-0af0f35fcd23de9be",
            "timeouts": null
          },
          "sensitive_attributes": [],
          "private": "eyJlMmJmYjczMC1lY2FhLTExZTYtOGY4OC0zNDM2M2JjN2M0YzAiOnsiY3JlYXRlIjoxODAwMDAwMDAwMDAwLCJkZWxldGUiOjYwMDAwMDAwMDAwMH19",
          "dependencies": [
            "aws_efs_file_system.bookstore_efs",
            "aws_security_group.alb_sg",
            "aws_security_group.ec2_sg",
            "aws_security_group.efs_sg",
            "data.aws_subnets.default",
            "data.aws_vpc.default"
          ]
        },
        {
          "index_key": 3,
          "schema_version": 0,
          "attributes": {
            "availability_zone_id": "use1-az2",
            "availability_zone_name": "us-east-1c",
            "dns_name": "fs-069ffb4263c348402.efs.us-east-1.amazonaws.com",
            "file_system_arn": "arn:aws:elasticfilesystem:us-east-1:545005169782:file-system/fs-069ffb4263c348402",
            "file_system_id": "fs-069ffb4263c348402",
            "id": "fsmt-04fd22c5b8bebd5fa",
            "ip_address": "172.31.88.97",
            "mount_target_dns_name": "us-east-1c.fs-069ffb4263c348402.efs.us-east-1.amazonaws.com",
            "network_interface_id": "eni-07cfb88fce1deb22b",
            "owner_id": "545005169782",
            "security_groups": [
              "sg-01ec4d2199e1e1dda"
            ],
            "subnet_id": "subnet-0dec154b4ab0084f4",
            "timeouts": null
          },
          "sensitive_attributes": [],
          "private": "eyJlMmJmYjczMC1lY2FhLTExZTYtOGY4OC0zNDM2M2JjN2M0YzAiOnsiY3JlYXRlIjoxODAwMDAwMDAwMDAwLCJkZWxldGUiOjYwMDAwMDAwMDAwMH19",
          "dependencies": [
            "aws_efs_file_system.bookstore_efs",
            "aws_security_group.alb_sg",
            "aws_security_group.ec2_sg",
            "aws_security_group.efs_sg",
            "data.aws_subnets.default",
            "data.aws_vpc.default"
          ]
        },
        {
          "index_key": 4,
          "schema_version": 0,
          "attributes": {
            "availability_zone_id": "use1-az4",
            "availability_zone_name": "us-east-1d",
            "dns_name": "fs-069ffb4263c348402.efs.us-east-1.amazonaws.com",
            "file_system_arn": "arn:aws:elasticfilesystem:us-east-1:545005169782:file-system/fs-069ffb4263c348402",
            "file_system_id": "fs-069ffb4263c348402",
            "id": "fsmt-09866f08abd31e18b",
            "ip_address": "172.31.24.252",
            "mount_target_dns_name": "us-east-1d.fs-069ffb4263c348402.efs.us-east-1.amazonaws.com",
            "network_interface_id": "eni-0e84cd13dde94dff9",
            "owner_id": "545005169782",
            "security_groups": [
              "sg-01ec4d2199e1e1dda"
            ],
            "subnet_id": "subnet-0f94178fb2e85309f",
            "timeouts": null
          },
          "sensitive_attributes": [],
          "private": "eyJlMmJmYjczMC1lY2FhLTExZTYtOGY4OC0zNDM2M2JjN2M0YzAiOnsiY3JlYXRlIjoxODAwMDAwMDAwMDAwLCJkZWxldGUiOjYwMDAwMDAwMDAwMH19",
          "dependencies": [
            "aws_efs_file_system.bookstore_efs",
            "aws_security_group.alb_sg",
            "aws_security_group.ec2_sg",
            "aws_security_group.efs_sg",
            "data.aws_subnets.default",
            "data.aws_vpc.default"
          ]
        },
        {
          "index_key": 5,
          "schema_version": 0,
          "attributes": {
            "availability_zone_id": "use1-az5",
            "availability_zone_name": "us-east-1f",
            "dns_name": "fs-069ffb4263c348402.efs.us-east-1.amazonaws.com",
            "file_system_arn": "arn:aws:elasticfilesystem:us-east-1:545005169782:file-system/fs-069ffb4263c348402",
            "file_system_id": "fs-069ffb4263c348402",
            "id": "fsmt-09eefcb0dd7f934a8",
            "ip_address": "172.31.75.234",
            "mount_target_dns_name": "us-east-1f.fs-069ffb4263c348402.efs.us-east-1.amazonaws.com",
            "network_interface_id": "eni-039a96a6391bace88",
            "owner_id": "545005169782",
            "security_groups": [
              "sg-01ec4d2199e1e1dda"
            ],
            "subnet_id": "subnet-0f7f250436fdc5d73",
            "timeouts": null
          },
          "sensitive_attributes": [],
          "private": "eyJlMmJmYjczMC1lY2FhLTExZTYtOGY4OC0zNDM2M2JjN2M0YzAiOnsiY3JlYXRlIjoxODAwMDAwMDAwMDAwLCJkZWxldGUiOjYwMDAwMDAwMDAwMH19",
          "dependencies": [
            "aws_efs_file_system.bookstore_efs",
            "aws_security_group.alb_sg",
            "aws_security_group.ec2_sg",
            "aws_security_group.efs_sg",
            "data.aws_subnets.default",
            "data.aws_vpc.default"
          ]
        }
      ]
    },
    {
      "mode": "managed",
      "type": "aws_launch_template",
      "name": "bookstore_lt",
      "provider": "provider[\"registry.terraform.io/hashicorp/aws\"]",
      "instances": [
        {
          "schema_version": 0,
          "attributes": {
            "arn": "arn:aws:ec2:us-east-1:545005169782:launch-template/lt-04aac050f266f1ea9",
            "block_device_mappings": [],
            "capacity_reservation_specification": [],
            "cpu_options": [],
            "credit_specification": [],
            "default_version": 1,
            "description": "",
            "disable_api_stop": false,
            "disable_api_termination": false,
            "ebs_optimized": "",
            "elastic_gpu_specifications": [],
            "elastic_inference_accelerator": [],
            "enclave_options": [],
            "hibernation_options": [],
            "iam_instance_profile": [],
            "id": "lt-04aac050f266f1ea9",
            "image_id": "ami-065a3271750f821cd",
            "instance_initiated_shutdown_behavior": "",
            "instance_market_options": [],
            "instance_requirements": [],
            "instance_type": "t2.micro",
            "kernel_id": "",
            "key_name": "bookstore-key",
            "latest_version": 1,
            "license_specification": [],
            "maintenance_options": [],
            "metadata_options": [],
            "monitoring": [],
            "name": "BookStore-LT-20250513041128522400000002",
            "name_prefix": "BookStore-LT-",
            "network_interfaces": [],
            "placement": [],
            "private_dns_name_options": [],
            "ram_disk_id": "",
            "security_group_names": null,
            "tag_specifications": [
              {
                "resource_type": "instance",
                "tags": {
                  "Name": "BookStore-Instance"
                }
              }
            ],
            "tags": null,
            "tags_all": {},
            "update_default_version": null,
            "user_data": "IyEvYmluL2Jhc2gKIyBNb250YXIgRUZTCnN1ZG8gbWtkaXIgLXAgL21udC9lZnMKc3VkbyBtb3VudCAtdCBuZnM0IC1vIG5mc3ZlcnM9NC4xLHJzaXplPTEwNDg1NzYsd3NpemU9MTA0ODU3NixoYXJkLHRpbWVvPTYwMCxyZXRyYW5zPTIsbm9yZXN2cG9ydCBmcy0wNjlmZmI0MjYzYzM0ODQwMi5lZnMudXMtZWFzdC0xLmFtYXpvbmF3cy5jb206LyAvbW50L2VmcwogICAgCiMgQcOxYWRpciBlbnRyYWRhIGEgL2V0Yy9mc3RhYiBwYXJhIHF1ZSBzZSBtb250ZSBhdXRvbcOhdGljYW1lbnRlIGFsIHJlaW5pY2lhcgplY2hvICJmcy0wNjlmZmI0MjYzYzM0ODQwMi5lZnMudXMtZWFzdC0xLmFtYXpvbmF3cy5jb206LyAvbW50L2VmcyBuZnM0IG5mc3ZlcnM9NC4xLHJzaXplPTEwNDg1NzYsd3NpemU9MTA0ODU3NixoYXJkLHRpbWVvPTYwMCxyZXRyYW5zPTIsbm9yZXN2cG9ydCAwIDAiIHwgc3VkbyB0ZWUgLWEgL2V0Yy9mc3RhYgogICAgCiMgSW5pY2lhciBsYSBhcGxpY2FjacOzbiBjb24gbGEgbnVldmEgY29uZmlndXJhY2nDs24gZGUgYmFzZSBkZSBkYXRvcwpjZCAvYXBwCiAgICAKIyBSZWVtcGxhemFyIGxhIGNvbmZpZ3VyYWNpw7NuIGRlIGxhIGJhc2UgZGUgZGF0b3MgTXlTUUwKc2VkIC1pICJzL01ZU1FMX0hPU1Q9bXlzcWwvTVlTUUxfSE9TVD10ZXJyYWZvcm0tMjAyNTA1MTMwNDAwMzkzNDEzMDAwMDAwMDEuY2drZGlxcHduYmVwLnVzLWVhc3QtMS5yZHMuYW1hem9uYXdzLmNvbS9nIiAuZW52CnNlZCAtaSAicy9NWVNRTF9VU0VSPXJvb3QvTVlTUUxfVVNFUj1ib29rc3RvcmVfdXNlci9nIiAuZW52CnNlZCAtaSAicy9NWVNRTF9QQVNTV09SRD1leGFtcGxlL01ZU1FMX1BBU1NXT1JEPTEyMzQ1Njc4OSovZyIgLmVudgogICAgCiMgQWN0dWFsaXphciBjb25maWd1cmFjacOzbiBkZSBOR0lOWCBwYXJhIGFwdW50YXIgYSBwdWVydG8gNTAwMApjYXQgPiAvZXRjL25naW54L2NvbmYuZC9kZWZhdWx0LmNvbmYgPDwgJ05HSU5YQ09ORicKc2VydmVyIHsKICAgIGxpc3RlbiA4MDsKICAgIHNlcnZlcl9uYW1lIHByb3llY3RvMi5zaG9wIHd3dy5wcm95ZWN0bzIuc2hvcDsKICAgICAgICAKICAgIGxvY2F0aW9uIC8gewogICAgICAgIHByb3h5X3Bhc3MgaHR0cDovL2xvY2FsaG9zdDo1MDAwOwogICAgICAgIHByb3h5X3NldF9oZWFkZXIgSG9zdCAkaG9zdDsKICAgICAgICBwcm94eV9zZXRfaGVhZGVyIFgtUmVhbC1JUCAkcmVtb3RlX2FkZHI7CiAgICAgICAgcHJveHlfc2V0X2hlYWRlciBYLUZvcndhcmRlZC1Gb3IgJHByb3h5X2FkZF94X2ZvcndhcmRlZF9mb3I7CiAgICAgICAgcHJveHlfc2V0X2hlYWRlciBYLUZvcndhcmRlZC1Qcm90byAkc2NoZW1lOwogICAgfQp9Ck5HSU5YQ09ORgogICAgCiMgUmVpbmljaWFyIE5HSU5YCnN1ZG8gc3lzdGVtY3RsIHJlc3RhcnQgbmdpbngKICAgIAojIFJlaW5pY2lhciBsYSBhcGxpY2FjacOzbgpkb2NrZXItY29tcG9zZSBkb3duCmRvY2tlci1jb21wb3NlIHVwIC1kCg==",
            "vpc_security_group_ids": [
              "sg-022711e982539d736"
            ]
          },
          "sensitive_attributes": [
            [
              {
                "type": "get_attr",
                "value": "user_data"
              }
            ]
          ],
          "private": "bnVsbA==",
          "dependencies": [
            "aws_db_instance.bookstore_db",
            "aws_db_subnet_group.bookstore_db_subnet",
            "aws_efs_file_system.bookstore_efs",
            "aws_efs_mount_target.bookstore_efs_mt",
            "aws_security_group.alb_sg",
            "aws_security_group.ec2_sg",
            "aws_security_group.efs_sg",
            "aws_security_group.rds_sg",
            "data.aws_subnets.default",
            "data.aws_vpc.default"
          ]
        }
      ]
    },
    {
      "mode": "managed",
      "type": "aws_lb",
      "name": "bookstore_alb",
      "provider": "provider[\"registry.terraform.io/hashicorp/aws\"]",
      "instances": [
        {
          "schema_version": 0,
          "attributes": {
            "access_logs": [
              {
                "bucket": "",
                "enabled": false,
                "prefix": ""
              }
            ],
            "arn": "arn:aws:elasticloadbalancing:us-east-1:545005169782:loadbalancer/app/BookStore-ALB/f12f1163bd6b32e9",
            "arn_suffix": "app/BookStore-ALB/f12f1163bd6b32e9",
            "client_keep_alive": 3600,
            "connection_logs": [
              {
                "bucket": "",
                "enabled": false,
                "prefix": ""
              }
            ],
            "customer_owned_ipv4_pool": "",
            "desync_mitigation_mode": "defensive",
            "dns_name": "BookStore-ALB-990994290.us-east-1.elb.amazonaws.com",
            "dns_record_client_routing_policy": null,
            "drop_invalid_header_fields": false,
            "enable_cross_zone_load_balancing": true,
            "enable_deletion_protection": false,
            "enable_http2": true,
            "enable_tls_version_and_cipher_suite_headers": false,
            "enable_waf_fail_open": false,
            "enable_xff_client_port": false,
            "enable_zonal_shift": false,
            "enforce_security_group_inbound_rules_on_private_link_traffic": "",
            "id": "arn:aws:elasticloadbalancing:us-east-1:545005169782:loadbalancer/app/BookStore-ALB/f12f1163bd6b32e9",
            "idle_timeout": 60,
            "internal": false,
            "ip_address_type": "ipv4",
            "ipam_pools": [],
            "load_balancer_type": "application",
            "name": "BookStore-ALB",
            "name_prefix": "",
            "preserve_host_header": false,
            "security_groups": [
              "sg-0261dc23e9f5772d3"
            ],
            "subnet_mapping": [
              {
                "allocation_id": "",
                "ipv6_address": "",
                "outpost_id": "",
                "private_ipv4_address": "",
                "subnet_id": "subnet-023dfe6642da400f2"
              },
              {
                "allocation_id": "",
                "ipv6_address": "",
                "outpost_id": "",
                "private_ipv4_address": "",
                "subnet_id": "subnet-09e5ca898265a130f"
              },
              {
                "allocation_id": "",
                "ipv6_address": "",
                "outpost_id": "",
                "private_ipv4_address": "",
                "subnet_id": "subnet-0af0f35fcd23de9be"
              },
              {
                "allocation_id": "",
                "ipv6_address": "",
                "outpost_id": "",
                "private_ipv4_address": "",
                "subnet_id": "subnet-0dec154b4ab0084f4"
              },
              {
                "allocation_id": "",
                "ipv6_address": "",
                "outpost_id": "",
                "private_ipv4_address": "",
                "subnet_id": "subnet-0f7f250436fdc5d73"
              },
              {
                "allocation_id": "",
                "ipv6_address": "",
                "outpost_id": "",
                "private_ipv4_address": "",
                "subnet_id": "subnet-0f94178fb2e85309f"
              }
            ],
            "subnets": [
              "subnet-023dfe6642da400f2",
              "subnet-09e5ca898265a130f",
              "subnet-0af0f35fcd23de9be",
              "subnet-0dec154b4ab0084f4",
              "subnet-0f7f250436fdc5d73",
              "subnet-0f94178fb2e85309f"
            ],
            "tags": {
              "Name": "BookStore-ALB"
            },
            "tags_all": {
              "Name": "BookStore-ALB"
            },
            "timeouts": null,
            "vpc_id": "vpc-01b2fc5c426c5592c",
            "xff_header_processing_mode": "append",
            "zone_id": "Z35SXDOTRQ7X7K"
          },
          "sensitive_attributes": [],
          "private": "eyJlMmJmYjczMC1lY2FhLTExZTYtOGY4OC0zNDM2M2JjN2M0YzAiOnsiY3JlYXRlIjo2MDAwMDAwMDAwMDAsImRlbGV0ZSI6NjAwMDAwMDAwMDAwLCJ1cGRhdGUiOjYwMDAwMDAwMDAwMH19",
          "dependencies": [
            "aws_security_group.alb_sg",
            "data.aws_subnets.default",
            "data.aws_vpc.default"
          ]
        }
      ]
    },
    {
      "mode": "managed",
      "type": "aws_lb_listener",
      "name": "http",
      "provider": "provider[\"registry.terraform.io/hashicorp/aws\"]",
      "instances": [
        {
          "schema_version": 0,
          "attributes": {
            "alpn_policy": null,
            "arn": "arn:aws:elasticloadbalancing:us-east-1:545005169782:listener/app/BookStore-ALB/f12f1163bd6b32e9/81e35e05761a3423",
            "certificate_arn": null,
            "default_action": [
              {
                "authenticate_cognito": [],
                "authenticate_oidc": [],
                "fixed_response": [],
                "forward": [],
                "order": 1,
                "redirect": [],
                "target_group_arn": "arn:aws:elasticloadbalancing:us-east-1:545005169782:targetgroup/BookStore-TG/d3512bbf60fb2efb",
                "type": "forward"
              }
            ],
            "id": "arn:aws:elasticloadbalancing:us-east-1:545005169782:listener/app/BookStore-ALB/f12f1163bd6b32e9/81e35e05761a3423",
            "load_balancer_arn": "arn:aws:elasticloadbalancing:us-east-1:545005169782:loadbalancer/app/BookStore-ALB/f12f1163bd6b32e9",
            "mutual_authentication": [],
            "port": 80,
            "protocol": "HTTP",
            "routing_http_request_x_amzn_mtls_clientcert_header_name": null,
            "routing_http_request_x_amzn_mtls_clientcert_issuer_header_name": null,
            "routing_http_request_x_amzn_mtls_clientcert_leaf_header_name": null,
            "routing_http_request_x_amzn_mtls_clientcert_serial_number_header_name": null,
            "routing_http_request_x_amzn_mtls_clientcert_subject_header_name": null,
            "routing_http_request_x_amzn_mtls_clientcert_validity_header_name": null,
            "routing_http_request_x_amzn_tls_cipher_suite_header_name": null,
            "routing_http_request_x_amzn_tls_version_header_name": null,
            "routing_http_response_access_control_allow_credentials_header_value": "",
            "routing_http_response_access_control_allow_headers_header_value": "",
            "routing_http_response_access_control_allow_methods_header_value": "",
            "routing_http_response_access_control_allow_origin_header_value": "",
            "routing_http_response_access_control_expose_headers_header_value": "",
            "routing_http_response_access_control_max_age_header_value": "",
            "routing_http_response_content_security_policy_header_value": "",
            "routing_http_response_server_enabled": false,
            "routing_http_response_strict_transport_security_header_value": "",
            "routing_http_response_x_content_type_options_header_value": "",
            "routing_http_response_x_frame_options_header_value": "",
            "ssl_policy": "",
            "tags": null,
            "tags_all": {},
            "tcp_idle_timeout_seconds": null,
            "timeouts": null
          },
          "sensitive_attributes": [],
          "private": "eyJlMmJmYjczMC1lY2FhLTExZTYtOGY4OC0zNDM2M2JjN2M0YzAiOnsiY3JlYXRlIjozMDAwMDAwMDAwMDAsInVwZGF0ZSI6MzAwMDAwMDAwMDAwfX0=",
          "dependencies": [
            "aws_lb.bookstore_alb",
            "aws_lb_target_group.bookstore_tg",
            "aws_security_group.alb_sg",
            "data.aws_subnets.default",
            "data.aws_vpc.default"
          ]
        }
      ]
    },
    {
      "mode": "managed",
      "type": "aws_lb_target_group",
      "name": "bookstore_tg",
      "provider": "provider[\"registry.terraform.io/hashicorp/aws\"]",
      "instances": [
        {
          "schema_version": 0,
          "attributes": {
            "arn": "arn:aws:elasticloadbalancing:us-east-1:545005169782:targetgroup/BookStore-TG/d3512bbf60fb2efb",
            "arn_suffix": "targetgroup/BookStore-TG/d3512bbf60fb2efb",
            "connection_termination": null,
            "deregistration_delay": "300",
            "health_check": [
              {
                "enabled": true,
                "healthy_threshold": 3,
                "interval": 30,
                "matcher": "200",
                "path": "/",
                "port": "5000",
                "protocol": "HTTP",
                "timeout": 5,
                "unhealthy_threshold": 3
              }
            ],
            "id": "arn:aws:elasticloadbalancing:us-east-1:545005169782:targetgroup/BookStore-TG/d3512bbf60fb2efb",
            "ip_address_type": "ipv4",
            "lambda_multi_value_headers_enabled": false,
            "load_balancer_arns": [],
            "load_balancing_algorithm_type": "round_robin",
            "load_balancing_anomaly_mitigation": "off",
            "load_balancing_cross_zone_enabled": "use_load_balancer_configuration",
            "name": "BookStore-TG",
            "name_prefix": "",
            "port": 5000,
            "preserve_client_ip": null,
            "protocol": "HTTP",
            "protocol_version": "HTTP1",
            "proxy_protocol_v2": false,
            "slow_start": 0,
            "stickiness": [
              {
                "cookie_duration": 86400,
                "cookie_name": "",
                "enabled": false,
                "type": "lb_cookie"
              }
            ],
            "tags": {
              "Name": "BookStore-TG"
            },
            "tags_all": {
              "Name": "BookStore-TG"
            },
            "target_failover": [
              {
                "on_deregistration": null,
                "on_unhealthy": null
              }
            ],
            "target_group_health": [
              {
                "dns_failover": [
                  {
                    "minimum_healthy_targets_count": "1",
                    "minimum_healthy_targets_percentage": "off"
                  }
                ],
                "unhealthy_state_routing": [
                  {
                    "minimum_healthy_targets_count": 1,
                    "minimum_healthy_targets_percentage": "off"
                  }
                ]
              }
            ],
            "target_health_state": [
              {
                "enable_unhealthy_connection_termination": null,
                "unhealthy_draining_interval": null
              }
            ],
            "target_type": "instance",
            "vpc_id": "vpc-01b2fc5c426c5592c"
          },
          "sensitive_attributes": [],
          "private": "bnVsbA==",
          "dependencies": [
            "data.aws_vpc.default"
          ]
        }
      ]
    },
    {
      "mode": "managed",
      "type": "aws_security_group",
      "name": "alb_sg",
      "provider": "provider[\"registry.terraform.io/hashicorp/aws\"]",
      "instances": [
        {
          "schema_version": 1,
          "attributes": {
            "arn": "arn:aws:ec2:us-east-1:545005169782:security-group/sg-0261dc23e9f5772d3",
            "description": "Security group for BookStore ALB",
            "egress": [
              {
                "cidr_blocks": [
                  "0.0.0.0/0"
                ],
                "description": "Allow all outbound traffic",
                "from_port": 0,
                "ipv6_cidr_blocks": [],
                "prefix_list_ids": [],
                "protocol": "-1",
                "security_groups": [],
                "self": false,
                "to_port": 0
              }
            ],
            "id": "sg-0261dc23e9f5772d3",
            "ingress": [
              {
                "cidr_blocks": [
                  "0.0.0.0/0"
                ],
                "description": "HTTP from anywhere",
                "from_port": 80,
                "ipv6_cidr_blocks": [],
                "prefix_list_ids": [],
                "protocol": "tcp",
                "security_groups": [],
                "self": false,
                "to_port": 80
              },
              {
                "cidr_blocks": [
                  "0.0.0.0/0"
                ],
                "description": "HTTPS from anywhere",
                "from_port": 443,
                "ipv6_cidr_blocks": [],
                "prefix_list_ids": [],
                "protocol": "tcp",
                "security_groups": [],
                "self": false,
                "to_port": 443
              }
            ],
            "name": "BookStore-ALB-SG",
            "name_prefix": "",
            "owner_id": "545005169782",
            "revoke_rules_on_delete": false,
            "tags": {
              "Name": "BookStore-ALB-SG"
            },
            "tags_all": {
              "Name": "BookStore-ALB-SG"
            },
            "timeouts": null,
            "vpc_id": "vpc-01b2fc5c426c5592c"
          },
          "sensitive_attributes": [],
          "private": "eyJlMmJmYjczMC1lY2FhLTExZTYtOGY4OC0zNDM2M2JjN2M0YzAiOnsiY3JlYXRlIjo2MDAwMDAwMDAwMDAsImRlbGV0ZSI6OTAwMDAwMDAwMDAwfSwic2NoZW1hX3ZlcnNpb24iOiIxIn0=",
          "dependencies": [
            "data.aws_vpc.default"
          ]
        }
      ]
    },
    {
      "mode": "managed",
      "type": "aws_security_group",
      "name": "ec2_sg",
      "provider": "provider[\"registry.terraform.io/hashicorp/aws\"]",
      "instances": [
        {
          "schema_version": 1,
          "attributes": {
            "arn": "arn:aws:ec2:us-east-1:545005169782:security-group/sg-022711e982539d736",
            "description": "Security group for BookStore EC2 instances",
            "egress": [
              {
                "cidr_blocks": [
                  "0.0.0.0/0"
                ],
                "description": "Allow all outbound traffic",
                "from_port": 0,
                "ipv6_cidr_blocks": [],
                "prefix_list_ids": [],
                "protocol": "-1",
                "security_groups": [],
                "self": false,
                "to_port": 0
              }
            ],
            "id": "sg-022711e982539d736",
            "ingress": [
              {
                "cidr_blocks": [
                  "0.0.0.0/0"
                ],
                "description": "NFS from anywhere",
                "from_port": 2049,
                "ipv6_cidr_blocks": [],
                "prefix_list_ids": [],
                "protocol": "tcp",
                "security_groups": [],
                "self": false,
                "to_port": 2049
              },
              {
                "cidr_blocks": [
                  "0.0.0.0/0"
                ],
                "description": "SSH from anywhere",
                "from_port": 22,
                "ipv6_cidr_blocks": [],
                "prefix_list_ids": [],
                "protocol": "tcp",
                "security_groups": [],
                "self": false,
                "to_port": 22
              },
              {
                "cidr_blocks": [],
                "description": "Allow HTTP traffic from ALB",
                "from_port": 80,
                "ipv6_cidr_blocks": [],
                "prefix_list_ids": [],
                "protocol": "tcp",
                "security_groups": [
                  "sg-0261dc23e9f5772d3"
                ],
                "self": false,
                "to_port": 80
              },
              {
                "cidr_blocks": [],
                "description": "Allow HTTPS traffic from ALB",
                "from_port": 443,
                "ipv6_cidr_blocks": [],
                "prefix_list_ids": [],
                "protocol": "tcp",
                "security_groups": [
                  "sg-0261dc23e9f5772d3"
                ],
                "self": false,
                "to_port": 443
              },
              {
                "cidr_blocks": [],
                "description": "Allow traffic from ALB to BookStore app",
                "from_port": 5000,
                "ipv6_cidr_blocks": [],
                "prefix_list_ids": [],
                "protocol": "tcp",
                "security_groups": [
                  "sg-0261dc23e9f5772d3"
                ],
                "self": false,
                "to_port": 5000
              }
            ],
            "name": "BookStore-EC2-SG",
            "name_prefix": "",
            "owner_id": "545005169782",
            "revoke_rules_on_delete": false,
            "tags": {
              "Name": "BookStore-EC2-SG"
            },
            "tags_all": {
              "Name": "BookStore-EC2-SG"
            },
            "timeouts": null,
            "vpc_id": "vpc-01b2fc5c426c5592c"
          },
          "sensitive_attributes": [],
          "private": "eyJlMmJmYjczMC1lY2FhLTExZTYtOGY4OC0zNDM2M2JjN2M0YzAiOnsiY3JlYXRlIjo2MDAwMDAwMDAwMDAsImRlbGV0ZSI6OTAwMDAwMDAwMDAwfSwic2NoZW1hX3ZlcnNpb24iOiIxIn0=",
          "dependencies": [
            "aws_security_group.alb_sg",
            "data.aws_vpc.default"
          ]
        }
      ]
    },
    {
      "mode": "managed",
      "type": "aws_security_group",
      "name": "efs_sg",
      "provider": "provider[\"registry.terraform.io/hashicorp/aws\"]",
      "instances": [
        {
          "schema_version": 1,
          "attributes": {
            "arn": "arn:aws:ec2:us-east-1:545005169782:security-group/sg-01ec4d2199e1e1dda",
            "description": "Security group for BookStore EFS",
            "egress": [
              {
                "cidr_blocks": [
                  "0.0.0.0/0"
                ],
                "description": "Allow all outbound traffic",
                "from_port": 0,
                "ipv6_cidr_blocks": [],
                "prefix_list_ids": [],
                "protocol": "-1",
                "security_groups": [],
                "self": false,
                "to_port": 0
              }
            ],
            "id": "sg-01ec4d2199e1e1dda",
            "ingress": [
              {
                "cidr_blocks": [],
                "description": "NFS from EC2 instances",
                "from_port": 2049,
                "ipv6_cidr_blocks": [],
                "prefix_list_ids": [],
                "protocol": "tcp",
                "security_groups": [
                  "sg-022711e982539d736"
                ],
                "self": false,
                "to_port": 2049
              }
            ],
            "name": "BookStore-EFS-SG",
            "name_prefix": "",
            "owner_id": "545005169782",
            "revoke_rules_on_delete": false,
            "tags": {
              "Name": "BookStore-EFS-SG"
            },
            "tags_all": {
              "Name": "BookStore-EFS-SG"
            },
            "timeouts": null,
            "vpc_id": "vpc-01b2fc5c426c5592c"
          },
          "sensitive_attributes": [],
          "private": "eyJlMmJmYjczMC1lY2FhLTExZTYtOGY4OC0zNDM2M2JjN2M0YzAiOnsiY3JlYXRlIjo2MDAwMDAwMDAwMDAsImRlbGV0ZSI6OTAwMDAwMDAwMDAwfSwic2NoZW1hX3ZlcnNpb24iOiIxIn0=",
          "dependencies": [
            "aws_security_group.alb_sg",
            "aws_security_group.ec2_sg",
            "data.aws_vpc.default"
          ]
        }
      ]
    },
    {
      "mode": "managed",
      "type": "aws_security_group",
      "name": "rds_sg",
      "provider": "provider[\"registry.terraform.io/hashicorp/aws\"]",
      "instances": [
        {
          "schema_version": 1,
          "attributes": {
            "arn": "arn:aws:ec2:us-east-1:545005169782:security-group/sg-0afb39e1068d95e6d",
            "description": "Security group for BookStore RDS",
            "egress": [
              {
                "cidr_blocks": [
                  "0.0.0.0/0"
                ],
                "description": "Allow all outbound traffic",
                "from_port": 0,
                "ipv6_cidr_blocks": [],
                "prefix_list_ids": [],
                "protocol": "-1",
                "security_groups": [],
                "self": false,
                "to_port": 0
              }
            ],
            "id": "sg-0afb39e1068d95e6d",
            "ingress": [
              {
                "cidr_blocks": [],
                "description": "MySQL from EC2 instances",
                "from_port": 3306,
                "ipv6_cidr_blocks": [],
                "prefix_list_ids": [],
                "protocol": "tcp",
                "security_groups": [
                  "sg-022711e982539d736"
                ],
                "self": false,
                "to_port": 3306
              }
            ],
            "name": "BookStore-RDS-SG",
            "name_prefix": "",
            "owner_id": "545005169782",
            "revoke_rules_on_delete": false,
            "tags": {
              "Name": "BookStore-RDS-SG"
            },
            "tags_all": {
              "Name": "BookStore-RDS-SG"
            },
            "timeouts": null,
            "vpc_id": "vpc-01b2fc5c426c5592c"
          },
          "sensitive_attributes": [],
          "private": "eyJlMmJmYjczMC1lY2FhLTExZTYtOGY4OC0zNDM2M2JjN2M0YzAiOnsiY3JlYXRlIjo2MDAwMDAwMDAwMDAsImRlbGV0ZSI6OTAwMDAwMDAwMDAwfSwic2NoZW1hX3ZlcnNpb24iOiIxIn0=",
          "dependencies": [
            "aws_security_group.alb_sg",
            "aws_security_group.ec2_sg",
            "data.aws_vpc.default"
          ]
        }
      ]
    }
  ],
  "check_results": null
}
