{
  "version": 4,
  "terraform_version": "1.11.4",
  "serial": 27,
  "lineage": "42bf7e8d-168a-63a7-b8d5-79fc720eccde",
  "outputs": {
    "alb_dns_name": {
      "value": "bookstore-alb-1746340379.us-east-1.elb.amazonaws.com",
      "type": "string"
    },
    "autoscaling_group_name": {
      "value": "bookstore-asg",
      "type": "string"
    },
    "efs_dns_name": {
      "value": "fs-030d8e4cbfe2baedc.efs.us-east-1.amazonaws.com",
      "type": "string"
    },
    "rds_endpoint": {
      "value": "bookstore-db.cpcxnlpdyvng.us-east-1.rds.amazonaws.com:3306",
      "type": "string"
    },
    "website_url": {
      "value": "http://bookstore-alb-1746340379.us-east-1.elb.amazonaws.com",
      "type": "string"
    }
  },
  "resources": [
    {
      "mode": "data",
      "type": "aws_subnets",
      "name": "private",
      "provider": "provider[\"registry.terraform.io/hashicorp/aws\"]",
      "instances": [
        {
          "schema_version": 0,
          "attributes": {
            "filter": [
              {
                "name": "map-public-ip-on-launch",
                "values": [
                  "false"
                ]
              },
              {
                "name": "vpc-id",
                "values": [
                  "vpc-081e3e04646dfe377"
                ]
              }
            ],
            "id": "us-east-1",
            "ids": [],
            "tags": null,
            "timeouts": null
          },
          "sensitive_attributes": []
        }
      ]
    },
    {
      "mode": "data",
      "type": "aws_subnets",
      "name": "public",
      "provider": "provider[\"registry.terraform.io/hashicorp/aws\"]",
      "instances": [
        {
          "schema_version": 0,
          "attributes": {
            "filter": [
              {
                "name": "map-public-ip-on-launch",
                "values": [
                  "true"
                ]
              },
              {
                "name": "vpc-id",
                "values": [
                  "vpc-081e3e04646dfe377"
                ]
              }
            ],
            "id": "us-east-1",
            "ids": [
              "subnet-033cda4996af4ed94",
              "subnet-032298ff169b090c5",
              "subnet-0b1cbf8b292cb8038",
              "subnet-01f5e559c3e6dd49e",
              "subnet-0acee73609b05a1d3",
              "subnet-011d2374bc546d781"
            ],
            "tags": null,
            "timeouts": null
          },
          "sensitive_attributes": []
        }
      ]
    },
    {
      "mode": "data",
      "type": "template_file",
      "name": "user_data",
      "provider": "provider[\"registry.terraform.io/hashicorp/template\"]",
      "instances": [
        {
          "schema_version": 0,
          "attributes": {
            "filename": null,
            "id": "ddd67df4c3680552f452490f8425c63f43e1663e05e1d3fd72c831fdd04d3697",
            "rendered": "#!/bin/bash\n# Actualizar paquetes\napt-get update\napt-get upgrade -y\n    \n# Instalar dependencias\napt-get install -y git amazon-efs-utils nfs-common docker.io docker-compose\n\n# Habilitar y arrancar Docker\nsystemctl enable docker\nsystemctl start docker\n    \n# Crear directorio y montar EFS\nmkdir -p /mnt/efs\nmount -t nfs4 -o nfsvers=4.1,rsize=1048576,wsize=1048576,hard,timeo=600,retrans=2,noresvport fs-030d8e4cbfe2baedc.efs.us-east-1.amazonaws.com:/ /mnt/efs\n    \n# Asegurar que EFS se monte después de reinicios\necho \"fs-030d8e4cbfe2baedc.efs.us-east-1.amazonaws.com:/ /mnt/efs nfs4 nfsvers=4.1,rsize=1048576,wsize=1048576,hard,timeo=600,retrans=2,noresvport 0 0\" \u003e\u003e /etc/fstab\n    \n# Clonar repositorio\ngit clone https://github.com/Alkran93/bookstore-monolith.git /home/ubuntu/bookstore-monolith\nchown -R ubuntu:ubuntu /home/ubuntu/bookstore-monolith\n    \n# Crear directorio para almacenar imágenes y otros archivos compartidos\nmkdir -p /mnt/efs/uploads\nchmod 777 /mnt/efs/uploads\n    \n# Configurar variables de entorno para la aplicación\ncat \u003e /home/ubuntu/bookstore-monolith/.env \u003c\u003cEOL\nMYSQL_ROOT_PASSWORD=123456789*\nMYSQL_DATABASE=bookstore\nMYSQL_USER=admin\nMYSQL_PASSWORD=123456789*\nMYSQL_HOST=bookstore-db.cpcxnlpdyvng.us-east-1.rds.amazonaws.com\nMYSQL_PORT=3306\nUPLOADS_FOLDER=/mnt/efs/uploads\nEOL\n    \n# Modificar docker-compose.yml para usar RDS en lugar de MySQL local\ncd /home/ubuntu/bookstore-monolith\nsed -i 's/- db/#- db/g' docker-compose.yml  # Comentar la dependencia de db\nsed -i '/db:/,/volumes:/d' docker-compose.yml  # Eliminar sección de servicio db\n    \n# Iniciar la aplicación\ndocker-compose up -d\n",
            "template": "#!/bin/bash\n# Actualizar paquetes\napt-get update\napt-get upgrade -y\n    \n# Instalar dependencias\napt-get install -y git amazon-efs-utils nfs-common docker.io docker-compose\n\n# Habilitar y arrancar Docker\nsystemctl enable docker\nsystemctl start docker\n    \n# Crear directorio y montar EFS\nmkdir -p /mnt/efs\nmount -t nfs4 -o nfsvers=4.1,rsize=1048576,wsize=1048576,hard,timeo=600,retrans=2,noresvport fs-030d8e4cbfe2baedc.efs.us-east-1.amazonaws.com:/ /mnt/efs\n    \n# Asegurar que EFS se monte después de reinicios\necho \"fs-030d8e4cbfe2baedc.efs.us-east-1.amazonaws.com:/ /mnt/efs nfs4 nfsvers=4.1,rsize=1048576,wsize=1048576,hard,timeo=600,retrans=2,noresvport 0 0\" \u003e\u003e /etc/fstab\n    \n# Clonar repositorio\ngit clone https://github.com/Alkran93/bookstore-monolith.git /home/ubuntu/bookstore-monolith\nchown -R ubuntu:ubuntu /home/ubuntu/bookstore-monolith\n    \n# Crear directorio para almacenar imágenes y otros archivos compartidos\nmkdir -p /mnt/efs/uploads\nchmod 777 /mnt/efs/uploads\n    \n# Configurar variables de entorno para la aplicación\ncat \u003e /home/ubuntu/bookstore-monolith/.env \u003c\u003cEOL\nMYSQL_ROOT_PASSWORD=123456789*\nMYSQL_DATABASE=bookstore\nMYSQL_USER=admin\nMYSQL_PASSWORD=123456789*\nMYSQL_HOST=bookstore-db.cpcxnlpdyvng.us-east-1.rds.amazonaws.com\nMYSQL_PORT=3306\nUPLOADS_FOLDER=/mnt/efs/uploads\nEOL\n    \n# Modificar docker-compose.yml para usar RDS en lugar de MySQL local\ncd /home/ubuntu/bookstore-monolith\nsed -i 's/- db/#- db/g' docker-compose.yml  # Comentar la dependencia de db\nsed -i '/db:/,/volumes:/d' docker-compose.yml  # Eliminar sección de servicio db\n    \n# Iniciar la aplicación\ndocker-compose up -d\n",
            "vars": null
          },
          "sensitive_attributes": [
            [
              {
                "type": "get_attr",
                "value": "template"
              }
            ]
          ]
        }
      ]
    },
    {
      "mode": "managed",
      "type": "aws_autoscaling_group",
      "name": "bookstore_asg",
      "provider": "provider[\"registry.terraform.io/hashicorp/aws\"]",
      "instances": [
        {
          "schema_version": 0,
          "attributes": {
            "arn": "arn:aws:autoscaling:us-east-1:120123127742:autoScalingGroup:447d8ed4-8561-41fe-ae39-0c9239d901ee:autoScalingGroupName/bookstore-asg",
            "availability_zones": [
              "us-east-1c",
              "us-east-1d"
            ],
            "capacity_rebalance": false,
            "context": "",
            "default_cooldown": 300,
            "default_instance_warmup": 0,
            "desired_capacity": 2,
            "desired_capacity_type": "",
            "enabled_metrics": [],
            "force_delete": false,
            "force_delete_warm_pool": false,
            "health_check_grace_period": 300,
            "health_check_type": "ELB",
            "id": "bookstore-asg",
            "initial_lifecycle_hook": [],
            "instance_refresh": [],
            "launch_configuration": "",
            "launch_template": [
              {
                "id": "lt-0399a82f1671e0a20",
                "name": "bookstore-lt",
                "version": "$Latest"
              }
            ],
            "load_balancers": [],
            "max_instance_lifetime": 0,
            "max_size": 4,
            "metrics_granularity": "1Minute",
            "min_elb_capacity": null,
            "min_size": 2,
            "mixed_instances_policy": [],
            "name": "bookstore-asg",
            "name_prefix": "",
            "placement_group": "",
            "predicted_capacity": 0,
            "protect_from_scale_in": false,
            "service_linked_role_arn": "arn:aws:iam::120123127742:role/aws-service-role/autoscaling.amazonaws.com/AWSServiceRoleForAutoScaling",
            "suspended_processes": [],
            "tag": [
              {
                "key": "Environment",
                "propagate_at_launch": true,
                "value": "dev"
              },
              {
                "key": "Name",
                "propagate_at_launch": true,
                "value": "bookstore-instance"
              }
            ],
            "tags": null,
            "target_group_arns": [
              "arn:aws:elasticloadbalancing:us-east-1:120123127742:targetgroup/bookstore-tg/ff163c9034490687"
            ],
            "termination_policies": [],
            "timeouts": null,
            "vpc_zone_identifier": [
              "subnet-032298ff169b090c5",
              "subnet-033cda4996af4ed94"
            ],
            "wait_for_capacity_timeout": "10m",
            "wait_for_elb_capacity": null,
            "warm_pool": [],
            "warm_pool_size": 0
          },
          "sensitive_attributes": [],
          "private": "eyJlMmJmYjczMC1lY2FhLTExZTYtOGY4OC0zNDM2M2JjN2M0YzAiOnsiZGVsZXRlIjo2MDAwMDAwMDAwMDAsInVwZGF0ZSI6NjAwMDAwMDAwMDAwfX0=",
          "dependencies": [
            "aws_db_instance.bookstore_db",
            "aws_db_subnet_group.bookstore_db_subnet_group",
            "aws_efs_file_system.bookstore_efs",
            "aws_efs_mount_target.efs_mount",
            "aws_launch_template.bookstore_lt",
            "aws_lb_target_group.bookstore_tg",
            "aws_security_group.alb_sg",
            "aws_security_group.db_sg",
            "aws_security_group.efs_sg",
            "aws_security_group.instance_sg",
            "data.aws_subnets.private",
            "data.aws_subnets.public",
            "data.template_file.user_data"
          ]
        }
      ]
    },
    {
      "mode": "managed",
      "type": "aws_autoscaling_policy",
      "name": "scale_down",
      "provider": "provider[\"registry.terraform.io/hashicorp/aws\"]",
      "instances": [
        {
          "schema_version": 0,
          "attributes": {
            "adjustment_type": "ChangeInCapacity",
            "arn": "arn:aws:autoscaling:us-east-1:120123127742:scalingPolicy:6942e139-c013-45e0-bfd0-17120c116d85:autoScalingGroupName/bookstore-asg:policyName/bookstore-scale-down",
            "autoscaling_group_name": "bookstore-asg",
            "cooldown": 300,
            "enabled": true,
            "estimated_instance_warmup": 0,
            "id": "bookstore-scale-down",
            "metric_aggregation_type": "",
            "min_adjustment_magnitude": 0,
            "name": "bookstore-scale-down",
            "policy_type": "SimpleScaling",
            "predictive_scaling_configuration": [],
            "scaling_adjustment": -1,
            "step_adjustment": [],
            "target_tracking_configuration": []
          },
          "sensitive_attributes": [],
          "private": "bnVsbA==",
          "dependencies": [
            "aws_autoscaling_group.bookstore_asg",
            "aws_db_instance.bookstore_db",
            "aws_db_subnet_group.bookstore_db_subnet_group",
            "aws_efs_file_system.bookstore_efs",
            "aws_efs_mount_target.efs_mount",
            "aws_launch_template.bookstore_lt",
            "aws_lb_target_group.bookstore_tg",
            "aws_security_group.alb_sg",
            "aws_security_group.db_sg",
            "aws_security_group.efs_sg",
            "aws_security_group.instance_sg",
            "data.aws_subnets.private",
            "data.aws_subnets.public",
            "data.template_file.user_data"
          ]
        }
      ]
    },
    {
      "mode": "managed",
      "type": "aws_autoscaling_policy",
      "name": "scale_up",
      "provider": "provider[\"registry.terraform.io/hashicorp/aws\"]",
      "instances": [
        {
          "schema_version": 0,
          "attributes": {
            "adjustment_type": "ChangeInCapacity",
            "arn": "arn:aws:autoscaling:us-east-1:120123127742:scalingPolicy:901edee4-6c72-48f9-9e73-7f9c7fcda8bb:autoScalingGroupName/bookstore-asg:policyName/bookstore-scale-up",
            "autoscaling_group_name": "bookstore-asg",
            "cooldown": 300,
            "enabled": true,
            "estimated_instance_warmup": 0,
            "id": "bookstore-scale-up",
            "metric_aggregation_type": "",
            "min_adjustment_magnitude": 0,
            "name": "bookstore-scale-up",
            "policy_type": "SimpleScaling",
            "predictive_scaling_configuration": [],
            "scaling_adjustment": 1,
            "step_adjustment": [],
            "target_tracking_configuration": []
          },
          "sensitive_attributes": [],
          "private": "bnVsbA==",
          "dependencies": [
            "aws_autoscaling_group.bookstore_asg",
            "aws_db_instance.bookstore_db",
            "aws_db_subnet_group.bookstore_db_subnet_group",
            "aws_efs_file_system.bookstore_efs",
            "aws_efs_mount_target.efs_mount",
            "aws_launch_template.bookstore_lt",
            "aws_lb_target_group.bookstore_tg",
            "aws_security_group.alb_sg",
            "aws_security_group.db_sg",
            "aws_security_group.efs_sg",
            "aws_security_group.instance_sg",
            "data.aws_subnets.private",
            "data.aws_subnets.public",
            "data.template_file.user_data"
          ]
        }
      ]
    },
    {
      "mode": "managed",
      "type": "aws_cloudwatch_metric_alarm",
      "name": "high_cpu",
      "provider": "provider[\"registry.terraform.io/hashicorp/aws\"]",
      "instances": [
        {
          "schema_version": 1,
          "attributes": {
            "actions_enabled": true,
            "alarm_actions": [
              "arn:aws:autoscaling:us-east-1:120123127742:scalingPolicy:901edee4-6c72-48f9-9e73-7f9c7fcda8bb:autoScalingGroupName/bookstore-asg:policyName/bookstore-scale-up"
            ],
            "alarm_description": "Este alarma se activa cuando el CPU supera el 70%",
            "alarm_name": "bookstore-high-cpu-alarm",
            "arn": "arn:aws:cloudwatch:us-east-1:120123127742:alarm:bookstore-high-cpu-alarm",
            "comparison_operator": "GreaterThanOrEqualToThreshold",
            "datapoints_to_alarm": 0,
            "dimensions": {
              "AutoScalingGroupName": "bookstore-asg"
            },
            "evaluate_low_sample_count_percentiles": "",
            "evaluation_periods": 2,
            "extended_statistic": "",
            "id": "bookstore-high-cpu-alarm",
            "insufficient_data_actions": [],
            "metric_name": "CPUUtilization",
            "metric_query": [],
            "namespace": "AWS/EC2",
            "ok_actions": [],
            "period": 120,
            "statistic": "Average",
            "tags": {},
            "tags_all": {},
            "threshold": 70,
            "threshold_metric_id": "",
            "treat_missing_data": "missing",
            "unit": ""
          },
          "sensitive_attributes": [],
          "private": "eyJzY2hlbWFfdmVyc2lvbiI6IjEifQ==",
          "dependencies": [
            "aws_autoscaling_group.bookstore_asg",
            "aws_autoscaling_policy.scale_up",
            "aws_db_instance.bookstore_db",
            "aws_db_subnet_group.bookstore_db_subnet_group",
            "aws_efs_file_system.bookstore_efs",
            "aws_efs_mount_target.efs_mount",
            "aws_launch_template.bookstore_lt",
            "aws_lb_target_group.bookstore_tg",
            "aws_security_group.alb_sg",
            "aws_security_group.db_sg",
            "aws_security_group.efs_sg",
            "aws_security_group.instance_sg",
            "data.aws_subnets.private",
            "data.aws_subnets.public",
            "data.template_file.user_data"
          ]
        }
      ]
    },
    {
      "mode": "managed",
      "type": "aws_cloudwatch_metric_alarm",
      "name": "low_cpu",
      "provider": "provider[\"registry.terraform.io/hashicorp/aws\"]",
      "instances": [
        {
          "schema_version": 1,
          "attributes": {
            "actions_enabled": true,
            "alarm_actions": [
              "arn:aws:autoscaling:us-east-1:120123127742:scalingPolicy:6942e139-c013-45e0-bfd0-17120c116d85:autoScalingGroupName/bookstore-asg:policyName/bookstore-scale-down"
            ],
            "alarm_description": "Este alarma se activa cuando el CPU es menor al 30%",
            "alarm_name": "bookstore-low-cpu-alarm",
            "arn": "arn:aws:cloudwatch:us-east-1:120123127742:alarm:bookstore-low-cpu-alarm",
            "comparison_operator": "LessThanOrEqualToThreshold",
            "datapoints_to_alarm": 0,
            "dimensions": {
              "AutoScalingGroupName": "bookstore-asg"
            },
            "evaluate_low_sample_count_percentiles": "",
            "evaluation_periods": 2,
            "extended_statistic": "",
            "id": "bookstore-low-cpu-alarm",
            "insufficient_data_actions": [],
            "metric_name": "CPUUtilization",
            "metric_query": [],
            "namespace": "AWS/EC2",
            "ok_actions": [],
            "period": 120,
            "statistic": "Average",
            "tags": {},
            "tags_all": {},
            "threshold": 30,
            "threshold_metric_id": "",
            "treat_missing_data": "missing",
            "unit": ""
          },
          "sensitive_attributes": [],
          "private": "eyJzY2hlbWFfdmVyc2lvbiI6IjEifQ==",
          "dependencies": [
            "aws_autoscaling_group.bookstore_asg",
            "aws_autoscaling_policy.scale_down",
            "aws_db_instance.bookstore_db",
            "aws_db_subnet_group.bookstore_db_subnet_group",
            "aws_efs_file_system.bookstore_efs",
            "aws_efs_mount_target.efs_mount",
            "aws_launch_template.bookstore_lt",
            "aws_lb_target_group.bookstore_tg",
            "aws_security_group.alb_sg",
            "aws_security_group.db_sg",
            "aws_security_group.efs_sg",
            "aws_security_group.instance_sg",
            "data.aws_subnets.private",
            "data.aws_subnets.public",
            "data.template_file.user_data"
          ]
        }
      ]
    },
    {
      "mode": "managed",
      "type": "aws_db_instance",
      "name": "bookstore_db",
      "provider": "provider[\"registry.terraform.io/hashicorp/aws\"]",
      "instances": [
        {
          "schema_version": 1,
          "attributes": {
            "address": "bookstore-db.cpcxnlpdyvng.us-east-1.rds.amazonaws.com",
            "allocated_storage": 20,
            "allow_major_version_upgrade": null,
            "apply_immediately": false,
            "arn": "arn:aws:rds:us-east-1:120123127742:db:bookstore-db",
            "auto_minor_version_upgrade": true,
            "availability_zone": "us-east-1d",
            "backup_retention_period": 0,
            "backup_window": "07:15-07:45",
            "blue_green_update": [],
            "ca_cert_identifier": "rds-ca-rsa2048-g1",
            "character_set_name": "",
            "copy_tags_to_snapshot": false,
            "custom_iam_instance_profile": "",
            "customer_owned_ip_enabled": false,
            "db_name": "bookstore",
            "db_subnet_group_name": "bookstore-db-subnet-group",
            "delete_automated_backups": true,
            "deletion_protection": false,
            "domain": "",
            "domain_iam_role_name": "",
            "enabled_cloudwatch_logs_exports": [],
            "endpoint": "bookstore-db.cpcxnlpdyvng.us-east-1.rds.amazonaws.com:3306",
            "engine": "mysql",
            "engine_version": "8.0",
            "engine_version_actual": "8.0.41",
            "final_snapshot_identifier": null,
            "hosted_zone_id": "Z2R2ITUGPM61AM",
            "iam_database_authentication_enabled": false,
            "id": "bookstore-db",
            "identifier": "bookstore-db",
            "identifier_prefix": "",
            "instance_class": "db.t3.micro",
            "iops": 0,
            "kms_key_id": "",
            "latest_restorable_time": "",
            "license_model": "general-public-license",
            "listener_endpoint": [],
            "maintenance_window": "mon:04:53-mon:05:23",
            "manage_master_user_password": null,
            "master_user_secret": [],
            "master_user_secret_kms_key_id": null,
            "max_allocated_storage": 0,
            "monitoring_interval": 0,
            "monitoring_role_arn": "",
            "multi_az": true,
            "name": "bookstore",
            "nchar_character_set_name": "",
            "network_type": "IPV4",
            "option_group_name": "default:mysql-8-0",
            "parameter_group_name": "default.mysql8.0",
            "password": "123456789*",
            "performance_insights_enabled": false,
            "performance_insights_kms_key_id": "",
            "performance_insights_retention_period": 0,
            "port": 3306,
            "publicly_accessible": false,
            "replica_mode": "",
            "replicas": [],
            "replicate_source_db": "",
            "resource_id": "db-2OKS7NRTU2OZL2RZBEGHBAECTA",
            "restore_to_point_in_time": [],
            "s3_import": [],
            "security_group_names": [],
            "skip_final_snapshot": true,
            "snapshot_identifier": null,
            "status": "available",
            "storage_encrypted": false,
            "storage_throughput": 0,
            "storage_type": "gp2",
            "tags": {
              "Environment": "dev",
              "Name": "bookstore-db"
            },
            "tags_all": {
              "Environment": "dev",
              "Name": "bookstore-db"
            },
            "timeouts": null,
            "timezone": "",
            "username": "admin",
            "vpc_security_group_ids": [
              "sg-04e153f73ef8be1fd"
            ]
          },
          "sensitive_attributes": [
            [
              {
                "type": "get_attr",
                "value": "password"
              }
            ]
          ],
          "private": "eyJlMmJmYjczMC1lY2FhLTExZTYtOGY4OC0zNDM2M2JjN2M0YzAiOnsiY3JlYXRlIjoyNDAwMDAwMDAwMDAwLCJkZWxldGUiOjM2MDAwMDAwMDAwMDAsInVwZGF0ZSI6NDgwMDAwMDAwMDAwMH0sInNjaGVtYV92ZXJzaW9uIjoiMSJ9",
          "dependencies": [
            "aws_db_subnet_group.bookstore_db_subnet_group",
            "aws_security_group.alb_sg",
            "aws_security_group.db_sg",
            "aws_security_group.instance_sg",
            "data.aws_subnets.private",
            "data.aws_subnets.public"
          ]
        }
      ]
    },
    {
      "mode": "managed",
      "type": "aws_db_subnet_group",
      "name": "bookstore_db_subnet_group",
      "provider": "provider[\"registry.terraform.io/hashicorp/aws\"]",
      "instances": [
        {
          "schema_version": 0,
          "attributes": {
            "arn": "arn:aws:rds:us-east-1:120123127742:subgrp:bookstore-db-subnet-group",
            "description": "Managed by Terraform",
            "id": "bookstore-db-subnet-group",
            "name": "bookstore-db-subnet-group",
            "name_prefix": "",
            "subnet_ids": [
              "subnet-032298ff169b090c5",
              "subnet-033cda4996af4ed94"
            ],
            "supported_network_types": [
              "IPV4"
            ],
            "tags": {
              "Environment": "dev",
              "Name": "bookstore-db-subnet-group"
            },
            "tags_all": {
              "Environment": "dev",
              "Name": "bookstore-db-subnet-group"
            },
            "vpc_id": "vpc-081e3e04646dfe377"
          },
          "sensitive_attributes": [],
          "private": "bnVsbA==",
          "dependencies": [
            "data.aws_subnets.private",
            "data.aws_subnets.public"
          ]
        }
      ]
    },
    {
      "mode": "managed",
      "type": "aws_efs_file_system",
      "name": "bookstore_efs",
      "provider": "provider[\"registry.terraform.io/hashicorp/aws\"]",
      "instances": [
        {
          "schema_version": 0,
          "attributes": {
            "arn": "arn:aws:elasticfilesystem:us-east-1:120123127742:file-system/fs-030d8e4cbfe2baedc",
            "availability_zone_id": "",
            "availability_zone_name": "",
            "creation_token": "bookstore-efs",
            "dns_name": "fs-030d8e4cbfe2baedc.efs.us-east-1.amazonaws.com",
            "encrypted": false,
            "id": "fs-030d8e4cbfe2baedc",
            "kms_key_id": "",
            "lifecycle_policy": [
              {
                "transition_to_ia": "AFTER_30_DAYS",
                "transition_to_primary_storage_class": ""
              }
            ],
            "number_of_mount_targets": 6,
            "owner_id": "120123127742",
            "performance_mode": "generalPurpose",
            "provisioned_throughput_in_mibps": 0,
            "size_in_bytes": [
              {
                "value": 6144,
                "value_in_ia": 0,
                "value_in_standard": 6144
              }
            ],
            "tags": {
              "Environment": "dev",
              "Name": "bookstore-efs"
            },
            "tags_all": {
              "Environment": "dev",
              "Name": "bookstore-efs"
            },
            "throughput_mode": "bursting"
          },
          "sensitive_attributes": [],
          "private": "bnVsbA=="
        }
      ]
    },
    {
      "mode": "managed",
      "type": "aws_efs_mount_target",
      "name": "efs_mount",
      "provider": "provider[\"registry.terraform.io/hashicorp/aws\"]",
      "instances": [
        {
          "index_key": 0,
          "schema_version": 0,
          "attributes": {
            "availability_zone_id": "use1-az1",
            "availability_zone_name": "us-east-1d",
            "dns_name": "fs-030d8e4cbfe2baedc.efs.us-east-1.amazonaws.com",
            "file_system_arn": "arn:aws:elasticfilesystem:us-east-1:120123127742:file-system/fs-030d8e4cbfe2baedc",
            "file_system_id": "fs-030d8e4cbfe2baedc",
            "id": "fsmt-05fcad3271e202614",
            "ip_address": "172.31.7.221",
            "mount_target_dns_name": "us-east-1d.fs-030d8e4cbfe2baedc.efs.us-east-1.amazonaws.com",
            "network_interface_id": "eni-010fdee8fd7f7a7c3",
            "owner_id": "120123127742",
            "security_groups": [
              "sg-09717c6b7943ac0e8"
            ],
            "subnet_id": "subnet-033cda4996af4ed94",
            "timeouts": null
          },
          "sensitive_attributes": [],
          "private": "eyJlMmJmYjczMC1lY2FhLTExZTYtOGY4OC0zNDM2M2JjN2M0YzAiOnsiY3JlYXRlIjoxODAwMDAwMDAwMDAwLCJkZWxldGUiOjYwMDAwMDAwMDAwMH19",
          "dependencies": [
            "aws_efs_file_system.bookstore_efs",
            "aws_security_group.alb_sg",
            "aws_security_group.efs_sg",
            "aws_security_group.instance_sg",
            "data.aws_subnets.private",
            "data.aws_subnets.public"
          ]
        },
        {
          "index_key": 1,
          "schema_version": 0,
          "attributes": {
            "availability_zone_id": "use1-az6",
            "availability_zone_name": "us-east-1c",
            "dns_name": "fs-030d8e4cbfe2baedc.efs.us-east-1.amazonaws.com",
            "file_system_arn": "arn:aws:elasticfilesystem:us-east-1:120123127742:file-system/fs-030d8e4cbfe2baedc",
            "file_system_id": "fs-030d8e4cbfe2baedc",
            "id": "fsmt-0cb2774cf7cb99ace",
            "ip_address": "172.31.45.137",
            "mount_target_dns_name": "us-east-1c.fs-030d8e4cbfe2baedc.efs.us-east-1.amazonaws.com",
            "network_interface_id": "eni-0ddcaafc7ce6b8e77",
            "owner_id": "120123127742",
            "security_groups": [
              "sg-09717c6b7943ac0e8"
            ],
            "subnet_id": "subnet-032298ff169b090c5",
            "timeouts": null
          },
          "sensitive_attributes": [],
          "private": "eyJlMmJmYjczMC1lY2FhLTExZTYtOGY4OC0zNDM2M2JjN2M0YzAiOnsiY3JlYXRlIjoxODAwMDAwMDAwMDAwLCJkZWxldGUiOjYwMDAwMDAwMDAwMH19",
          "dependencies": [
            "aws_efs_file_system.bookstore_efs",
            "aws_security_group.alb_sg",
            "aws_security_group.efs_sg",
            "aws_security_group.instance_sg",
            "data.aws_subnets.private",
            "data.aws_subnets.public"
          ]
        },
        {
          "index_key": 2,
          "schema_version": 0,
          "attributes": {
            "availability_zone_id": "use1-az2",
            "availability_zone_name": "us-east-1a",
            "dns_name": "fs-030d8e4cbfe2baedc.efs.us-east-1.amazonaws.com",
            "file_system_arn": "arn:aws:elasticfilesystem:us-east-1:120123127742:file-system/fs-030d8e4cbfe2baedc",
            "file_system_id": "fs-030d8e4cbfe2baedc",
            "id": "fsmt-042c25b3953278d41",
            "ip_address": "172.31.89.76",
            "mount_target_dns_name": "us-east-1a.fs-030d8e4cbfe2baedc.efs.us-east-1.amazonaws.com",
            "network_interface_id": "eni-028a917368b7db545",
            "owner_id": "120123127742",
            "security_groups": [
              "sg-09717c6b7943ac0e8"
            ],
            "subnet_id": "subnet-0b1cbf8b292cb8038",
            "timeouts": null
          },
          "sensitive_attributes": [],
          "private": "eyJlMmJmYjczMC1lY2FhLTExZTYtOGY4OC0zNDM2M2JjN2M0YzAiOnsiY3JlYXRlIjoxODAwMDAwMDAwMDAwLCJkZWxldGUiOjYwMDAwMDAwMDAwMH19",
          "dependencies": [
            "aws_efs_file_system.bookstore_efs",
            "aws_security_group.alb_sg",
            "aws_security_group.efs_sg",
            "aws_security_group.instance_sg",
            "data.aws_subnets.private",
            "data.aws_subnets.public"
          ]
        },
        {
          "index_key": 3,
          "schema_version": 0,
          "attributes": {
            "availability_zone_id": "use1-az3",
            "availability_zone_name": "us-east-1e",
            "dns_name": "fs-030d8e4cbfe2baedc.efs.us-east-1.amazonaws.com",
            "file_system_arn": "arn:aws:elasticfilesystem:us-east-1:120123127742:file-system/fs-030d8e4cbfe2baedc",
            "file_system_id": "fs-030d8e4cbfe2baedc",
            "id": "fsmt-047e696027d23e4c6",
            "ip_address": "172.31.59.163",
            "mount_target_dns_name": "us-east-1e.fs-030d8e4cbfe2baedc.efs.us-east-1.amazonaws.com",
            "network_interface_id": "eni-0040a4893cd8cc37c",
            "owner_id": "120123127742",
            "security_groups": [
              "sg-09717c6b7943ac0e8"
            ],
            "subnet_id": "subnet-01f5e559c3e6dd49e",
            "timeouts": null
          },
          "sensitive_attributes": [],
          "private": "eyJlMmJmYjczMC1lY2FhLTExZTYtOGY4OC0zNDM2M2JjN2M0YzAiOnsiY3JlYXRlIjoxODAwMDAwMDAwMDAwLCJkZWxldGUiOjYwMDAwMDAwMDAwMH19",
          "dependencies": [
            "aws_efs_file_system.bookstore_efs",
            "aws_security_group.alb_sg",
            "aws_security_group.efs_sg",
            "aws_security_group.instance_sg",
            "data.aws_subnets.private",
            "data.aws_subnets.public"
          ]
        },
        {
          "index_key": 4,
          "schema_version": 0,
          "attributes": {
            "availability_zone_id": "use1-az4",
            "availability_zone_name": "us-east-1b",
            "dns_name": "fs-030d8e4cbfe2baedc.efs.us-east-1.amazonaws.com",
            "file_system_arn": "arn:aws:elasticfilesystem:us-east-1:120123127742:file-system/fs-030d8e4cbfe2baedc",
            "file_system_id": "fs-030d8e4cbfe2baedc",
            "id": "fsmt-0882274668690c726",
            "ip_address": "172.31.23.21",
            "mount_target_dns_name": "us-east-1b.fs-030d8e4cbfe2baedc.efs.us-east-1.amazonaws.com",
            "network_interface_id": "eni-07d185d6becdac2c9",
            "owner_id": "120123127742",
            "security_groups": [
              "sg-09717c6b7943ac0e8"
            ],
            "subnet_id": "subnet-0acee73609b05a1d3",
            "timeouts": null
          },
          "sensitive_attributes": [],
          "private": "eyJlMmJmYjczMC1lY2FhLTExZTYtOGY4OC0zNDM2M2JjN2M0YzAiOnsiY3JlYXRlIjoxODAwMDAwMDAwMDAwLCJkZWxldGUiOjYwMDAwMDAwMDAwMH19",
          "dependencies": [
            "aws_efs_file_system.bookstore_efs",
            "aws_security_group.alb_sg",
            "aws_security_group.efs_sg",
            "aws_security_group.instance_sg",
            "data.aws_subnets.private",
            "data.aws_subnets.public"
          ]
        },
        {
          "index_key": 5,
          "schema_version": 0,
          "attributes": {
            "availability_zone_id": "use1-az5",
            "availability_zone_name": "us-east-1f",
            "dns_name": "fs-030d8e4cbfe2baedc.efs.us-east-1.amazonaws.com",
            "file_system_arn": "arn:aws:elasticfilesystem:us-east-1:120123127742:file-system/fs-030d8e4cbfe2baedc",
            "file_system_id": "fs-030d8e4cbfe2baedc",
            "id": "fsmt-07ec0521ab5af9785",
            "ip_address": "172.31.68.186",
            "mount_target_dns_name": "us-east-1f.fs-030d8e4cbfe2baedc.efs.us-east-1.amazonaws.com",
            "network_interface_id": "eni-0e65c3a0f7581ef82",
            "owner_id": "120123127742",
            "security_groups": [
              "sg-09717c6b7943ac0e8"
            ],
            "subnet_id": "subnet-011d2374bc546d781",
            "timeouts": null
          },
          "sensitive_attributes": [],
          "private": "eyJlMmJmYjczMC1lY2FhLTExZTYtOGY4OC0zNDM2M2JjN2M0YzAiOnsiY3JlYXRlIjoxODAwMDAwMDAwMDAwLCJkZWxldGUiOjYwMDAwMDAwMDAwMH19",
          "dependencies": [
            "aws_efs_file_system.bookstore_efs",
            "aws_security_group.alb_sg",
            "aws_security_group.efs_sg",
            "aws_security_group.instance_sg",
            "data.aws_subnets.private",
            "data.aws_subnets.public"
          ]
        }
      ]
    },
    {
      "mode": "managed",
      "type": "aws_launch_template",
      "name": "bookstore_lt",
      "provider": "provider[\"registry.terraform.io/hashicorp/aws\"]",
      "instances": [
        {
          "schema_version": 0,
          "attributes": {
            "arn": "arn:aws:ec2:us-east-1:120123127742:launch-template/lt-0399a82f1671e0a20",
            "block_device_mappings": [],
            "capacity_reservation_specification": [],
            "cpu_options": [],
            "credit_specification": [],
            "default_version": 1,
            "description": "",
            "disable_api_stop": false,
            "disable_api_termination": false,
            "ebs_optimized": "",
            "elastic_gpu_specifications": [],
            "elastic_inference_accelerator": [],
            "enclave_options": [],
            "hibernation_options": [],
            "iam_instance_profile": [],
            "id": "lt-0399a82f1671e0a20",
            "image_id": "ami-0c7217cdde317cfec",
            "instance_initiated_shutdown_behavior": "",
            "instance_market_options": [],
            "instance_requirements": [],
            "instance_type": "t2.micro",
            "kernel_id": "",
            "key_name": "bookstore-key",
            "latest_version": 1,
            "license_specification": [],
            "maintenance_options": [],
            "metadata_options": [],
            "monitoring": [],
            "name": "bookstore-lt",
            "name_prefix": "",
            "network_interfaces": [],
            "placement": [],
            "private_dns_name_options": [],
            "ram_disk_id": "",
            "security_group_names": [],
            "tag_specifications": [
              {
                "resource_type": "instance",
                "tags": {
                  "Environment": "dev",
                  "Name": "bookstore-instance"
                }
              }
            ],
            "tags": {
              "Environment": "dev",
              "Name": "bookstore-lt"
            },
            "tags_all": {
              "Environment": "dev",
              "Name": "bookstore-lt"
            },
            "update_default_version": null,
            "user_data": "IyEvYmluL2Jhc2gKIyBBY3R1YWxpemFyIHBhcXVldGVzCmFwdC1nZXQgdXBkYXRlCmFwdC1nZXQgdXBncmFkZSAteQogICAgCiMgSW5zdGFsYXIgZGVwZW5kZW5jaWFzCmFwdC1nZXQgaW5zdGFsbCAteSBnaXQgYW1hem9uLWVmcy11dGlscyBuZnMtY29tbW9uIGRvY2tlci5pbyBkb2NrZXItY29tcG9zZQoKIyBIYWJpbGl0YXIgeSBhcnJhbmNhciBEb2NrZXIKc3lzdGVtY3RsIGVuYWJsZSBkb2NrZXIKc3lzdGVtY3RsIHN0YXJ0IGRvY2tlcgogICAgCiMgQ3JlYXIgZGlyZWN0b3JpbyB5IG1vbnRhciBFRlMKbWtkaXIgLXAgL21udC9lZnMKbW91bnQgLXQgbmZzNCAtbyBuZnN2ZXJzPTQuMSxyc2l6ZT0xMDQ4NTc2LHdzaXplPTEwNDg1NzYsaGFyZCx0aW1lbz02MDAscmV0cmFucz0yLG5vcmVzdnBvcnQgZnMtMDMwZDhlNGNiZmUyYmFlZGMuZWZzLnVzLWVhc3QtMS5hbWF6b25hd3MuY29tOi8gL21udC9lZnMKICAgIAojIEFzZWd1cmFyIHF1ZSBFRlMgc2UgbW9udGUgZGVzcHXDqXMgZGUgcmVpbmljaW9zCmVjaG8gImZzLTAzMGQ4ZTRjYmZlMmJhZWRjLmVmcy51cy1lYXN0LTEuYW1hem9uYXdzLmNvbTovIC9tbnQvZWZzIG5mczQgbmZzdmVycz00LjEscnNpemU9MTA0ODU3Nix3c2l6ZT0xMDQ4NTc2LGhhcmQsdGltZW89NjAwLHJldHJhbnM9Mixub3Jlc3Zwb3J0IDAgMCIgPj4gL2V0Yy9mc3RhYgogICAgCiMgQ2xvbmFyIHJlcG9zaXRvcmlvCmdpdCBjbG9uZSBodHRwczovL2dpdGh1Yi5jb20vQWxrcmFuOTMvYm9va3N0b3JlLW1vbm9saXRoLmdpdCAvaG9tZS91YnVudHUvYm9va3N0b3JlLW1vbm9saXRoCmNob3duIC1SIHVidW50dTp1YnVudHUgL2hvbWUvdWJ1bnR1L2Jvb2tzdG9yZS1tb25vbGl0aAogICAgCiMgQ3JlYXIgZGlyZWN0b3JpbyBwYXJhIGFsbWFjZW5hciBpbcOhZ2VuZXMgeSBvdHJvcyBhcmNoaXZvcyBjb21wYXJ0aWRvcwpta2RpciAtcCAvbW50L2Vmcy91cGxvYWRzCmNobW9kIDc3NyAvbW50L2Vmcy91cGxvYWRzCiAgICAKIyBDb25maWd1cmFyIHZhcmlhYmxlcyBkZSBlbnRvcm5vIHBhcmEgbGEgYXBsaWNhY2nDs24KY2F0ID4gL2hvbWUvdWJ1bnR1L2Jvb2tzdG9yZS1tb25vbGl0aC8uZW52IDw8RU9MCk1ZU1FMX1JPT1RfUEFTU1dPUkQ9MTIzNDU2Nzg5KgpNWVNRTF9EQVRBQkFTRT1ib29rc3RvcmUKTVlTUUxfVVNFUj1hZG1pbgpNWVNRTF9QQVNTV09SRD0xMjM0NTY3ODkqCk1ZU1FMX0hPU1Q9Ym9va3N0b3JlLWRiLmNwY3hubHBkeXZuZy51cy1lYXN0LTEucmRzLmFtYXpvbmF3cy5jb20KTVlTUUxfUE9SVD0zMzA2ClVQTE9BRFNfRk9MREVSPS9tbnQvZWZzL3VwbG9hZHMKRU9MCiAgICAKIyBNb2RpZmljYXIgZG9ja2VyLWNvbXBvc2UueW1sIHBhcmEgdXNhciBSRFMgZW4gbHVnYXIgZGUgTXlTUUwgbG9jYWwKY2QgL2hvbWUvdWJ1bnR1L2Jvb2tzdG9yZS1tb25vbGl0aApzZWQgLWkgJ3MvLSBkYi8jLSBkYi9nJyBkb2NrZXItY29tcG9zZS55bWwgICMgQ29tZW50YXIgbGEgZGVwZW5kZW5jaWEgZGUgZGIKc2VkIC1pICcvZGI6Lywvdm9sdW1lczovZCcgZG9ja2VyLWNvbXBvc2UueW1sICAjIEVsaW1pbmFyIHNlY2Npw7NuIGRlIHNlcnZpY2lvIGRiCiAgICAKIyBJbmljaWFyIGxhIGFwbGljYWNpw7NuCmRvY2tlci1jb21wb3NlIHVwIC1kCg==",
            "vpc_security_group_ids": [
              "sg-02d5a53470f713c3a"
            ]
          },
          "sensitive_attributes": [],
          "private": "bnVsbA==",
          "dependencies": [
            "aws_db_instance.bookstore_db",
            "aws_db_subnet_group.bookstore_db_subnet_group",
            "aws_efs_file_system.bookstore_efs",
            "aws_security_group.alb_sg",
            "aws_security_group.db_sg",
            "aws_security_group.instance_sg",
            "data.aws_subnets.private",
            "data.aws_subnets.public",
            "data.template_file.user_data"
          ]
        }
      ]
    },
    {
      "mode": "managed",
      "type": "aws_lb",
      "name": "bookstore_alb",
      "provider": "provider[\"registry.terraform.io/hashicorp/aws\"]",
      "instances": [
        {
          "schema_version": 0,
          "attributes": {
            "access_logs": [
              {
                "bucket": "",
                "enabled": false,
                "prefix": ""
              }
            ],
            "arn": "arn:aws:elasticloadbalancing:us-east-1:120123127742:loadbalancer/app/bookstore-alb/9cfc857c2cefd4d3",
            "arn_suffix": "app/bookstore-alb/9cfc857c2cefd4d3",
            "customer_owned_ipv4_pool": "",
            "desync_mitigation_mode": "defensive",
            "dns_name": "bookstore-alb-1746340379.us-east-1.elb.amazonaws.com",
            "drop_invalid_header_fields": false,
            "enable_cross_zone_load_balancing": true,
            "enable_deletion_protection": false,
            "enable_http2": true,
            "enable_tls_version_and_cipher_suite_headers": false,
            "enable_waf_fail_open": false,
            "enable_xff_client_port": false,
            "id": "arn:aws:elasticloadbalancing:us-east-1:120123127742:loadbalancer/app/bookstore-alb/9cfc857c2cefd4d3",
            "idle_timeout": 60,
            "internal": false,
            "ip_address_type": "ipv4",
            "load_balancer_type": "application",
            "name": "bookstore-alb",
            "name_prefix": null,
            "preserve_host_header": false,
            "security_groups": [
              "sg-0ff7eb6a75a56a237"
            ],
            "subnet_mapping": [
              {
                "allocation_id": "",
                "ipv6_address": "",
                "outpost_id": "",
                "private_ipv4_address": "",
                "subnet_id": "subnet-032298ff169b090c5"
              },
              {
                "allocation_id": "",
                "ipv6_address": "",
                "outpost_id": "",
                "private_ipv4_address": "",
                "subnet_id": "subnet-033cda4996af4ed94"
              }
            ],
            "subnets": [
              "subnet-032298ff169b090c5",
              "subnet-033cda4996af4ed94"
            ],
            "tags": {
              "Environment": "dev",
              "Name": "bookstore-alb"
            },
            "tags_all": {
              "Environment": "dev",
              "Name": "bookstore-alb"
            },
            "timeouts": null,
            "vpc_id": "vpc-081e3e04646dfe377",
            "xff_header_processing_mode": "append",
            "zone_id": "Z35SXDOTRQ7X7K"
          },
          "sensitive_attributes": [],
          "private": "eyJlMmJmYjczMC1lY2FhLTExZTYtOGY4OC0zNDM2M2JjN2M0YzAiOnsiY3JlYXRlIjo2MDAwMDAwMDAwMDAsImRlbGV0ZSI6NjAwMDAwMDAwMDAwLCJ1cGRhdGUiOjYwMDAwMDAwMDAwMH19",
          "dependencies": [
            "aws_security_group.alb_sg",
            "data.aws_subnets.public"
          ]
        }
      ]
    },
    {
      "mode": "managed",
      "type": "aws_lb_listener",
      "name": "http",
      "provider": "provider[\"registry.terraform.io/hashicorp/aws\"]",
      "instances": [
        {
          "schema_version": 0,
          "attributes": {
            "alpn_policy": null,
            "arn": "arn:aws:elasticloadbalancing:us-east-1:120123127742:listener/app/bookstore-alb/9cfc857c2cefd4d3/c7d85d209c1f901a",
            "certificate_arn": null,
            "default_action": [
              {
                "authenticate_cognito": [],
                "authenticate_oidc": [],
                "fixed_response": [],
                "forward": [],
                "order": 1,
                "redirect": [],
                "target_group_arn": "arn:aws:elasticloadbalancing:us-east-1:120123127742:targetgroup/bookstore-tg/ff163c9034490687",
                "type": "forward"
              }
            ],
            "id": "arn:aws:elasticloadbalancing:us-east-1:120123127742:listener/app/bookstore-alb/9cfc857c2cefd4d3/c7d85d209c1f901a",
            "load_balancer_arn": "arn:aws:elasticloadbalancing:us-east-1:120123127742:loadbalancer/app/bookstore-alb/9cfc857c2cefd4d3",
            "port": 80,
            "protocol": "HTTP",
            "ssl_policy": "",
            "tags": {},
            "tags_all": {},
            "timeouts": null
          },
          "sensitive_attributes": [],
          "private": "eyJlMmJmYjczMC1lY2FhLTExZTYtOGY4OC0zNDM2M2JjN2M0YzAiOnsicmVhZCI6NjAwMDAwMDAwMDAwfX0=",
          "dependencies": [
            "aws_lb.bookstore_alb",
            "aws_lb_target_group.bookstore_tg",
            "aws_security_group.alb_sg",
            "data.aws_subnets.public"
          ]
        }
      ]
    },
    {
      "mode": "managed",
      "type": "aws_lb_target_group",
      "name": "bookstore_tg",
      "provider": "provider[\"registry.terraform.io/hashicorp/aws\"]",
      "instances": [
        {
          "schema_version": 0,
          "attributes": {
            "arn": "arn:aws:elasticloadbalancing:us-east-1:120123127742:targetgroup/bookstore-tg/ff163c9034490687",
            "arn_suffix": "targetgroup/bookstore-tg/ff163c9034490687",
            "connection_termination": false,
            "deregistration_delay": "300",
            "health_check": [
              {
                "enabled": true,
                "healthy_threshold": 2,
                "interval": 30,
                "matcher": "200-299",
                "path": "/",
                "port": "traffic-port",
                "protocol": "HTTP",
                "timeout": 5,
                "unhealthy_threshold": 2
              }
            ],
            "id": "arn:aws:elasticloadbalancing:us-east-1:120123127742:targetgroup/bookstore-tg/ff163c9034490687",
            "ip_address_type": "ipv4",
            "lambda_multi_value_headers_enabled": false,
            "load_balancing_algorithm_type": "round_robin",
            "load_balancing_cross_zone_enabled": "use_load_balancer_configuration",
            "name": "bookstore-tg",
            "name_prefix": null,
            "port": 5000,
            "preserve_client_ip": null,
            "protocol": "HTTP",
            "protocol_version": "HTTP1",
            "proxy_protocol_v2": false,
            "slow_start": 0,
            "stickiness": [
              {
                "cookie_duration": 86400,
                "cookie_name": "",
                "enabled": false,
                "type": "lb_cookie"
              }
            ],
            "tags": {
              "Environment": "dev",
              "Name": "bookstore-tg"
            },
            "tags_all": {
              "Environment": "dev",
              "Name": "bookstore-tg"
            },
            "target_failover": [
              {
                "on_deregistration": null,
                "on_unhealthy": null
              }
            ],
            "target_type": "instance",
            "vpc_id": "vpc-081e3e04646dfe377"
          },
          "sensitive_attributes": [],
          "private": "bnVsbA=="
        }
      ]
    },
    {
      "mode": "managed",
      "type": "aws_security_group",
      "name": "alb_sg",
      "provider": "provider[\"registry.terraform.io/hashicorp/aws\"]",
      "instances": [
        {
          "schema_version": 1,
          "attributes": {
            "arn": "arn:aws:ec2:us-east-1:120123127742:security-group/sg-0ff7eb6a75a56a237",
            "description": "Security group for ALB",
            "egress": [
              {
                "cidr_blocks": [
                  "0.0.0.0/0"
                ],
                "description": "",
                "from_port": 0,
                "ipv6_cidr_blocks": [],
                "prefix_list_ids": [],
                "protocol": "-1",
                "security_groups": [],
                "self": false,
                "to_port": 0
              }
            ],
            "id": "sg-0ff7eb6a75a56a237",
            "ingress": [
              {
                "cidr_blocks": [
                  "0.0.0.0/0"
                ],
                "description": "",
                "from_port": 443,
                "ipv6_cidr_blocks": [],
                "prefix_list_ids": [],
                "protocol": "tcp",
                "security_groups": [],
                "self": false,
                "to_port": 443
              },
              {
                "cidr_blocks": [
                  "0.0.0.0/0"
                ],
                "description": "",
                "from_port": 80,
                "ipv6_cidr_blocks": [],
                "prefix_list_ids": [],
                "protocol": "tcp",
                "security_groups": [],
                "self": false,
                "to_port": 80
              }
            ],
            "name": "bookstore-alb-sg",
            "name_prefix": "",
            "owner_id": "120123127742",
            "revoke_rules_on_delete": false,
            "tags": {
              "Environment": "dev",
              "Name": "bookstore-alb-sg"
            },
            "tags_all": {
              "Environment": "dev",
              "Name": "bookstore-alb-sg"
            },
            "timeouts": null,
            "vpc_id": "vpc-081e3e04646dfe377"
          },
          "sensitive_attributes": [],
          "private": "eyJlMmJmYjczMC1lY2FhLTExZTYtOGY4OC0zNDM2M2JjN2M0YzAiOnsiY3JlYXRlIjo2MDAwMDAwMDAwMDAsImRlbGV0ZSI6OTAwMDAwMDAwMDAwfSwic2NoZW1hX3ZlcnNpb24iOiIxIn0="
        }
      ]
    },
    {
      "mode": "managed",
      "type": "aws_security_group",
      "name": "db_sg",
      "provider": "provider[\"registry.terraform.io/hashicorp/aws\"]",
      "instances": [
        {
          "schema_version": 1,
          "attributes": {
            "arn": "arn:aws:ec2:us-east-1:120123127742:security-group/sg-04e153f73ef8be1fd",
            "description": "Security group for RDS MySQL",
            "egress": [
              {
                "cidr_blocks": [
                  "0.0.0.0/0"
                ],
                "description": "",
                "from_port": 0,
                "ipv6_cidr_blocks": [],
                "prefix_list_ids": [],
                "protocol": "-1",
                "security_groups": [],
                "self": false,
                "to_port": 0
              }
            ],
            "id": "sg-04e153f73ef8be1fd",
            "ingress": [
              {
                "cidr_blocks": [],
                "description": "",
                "from_port": 3306,
                "ipv6_cidr_blocks": [],
                "prefix_list_ids": [],
                "protocol": "tcp",
                "security_groups": [
                  "sg-02d5a53470f713c3a"
                ],
                "self": false,
                "to_port": 3306
              }
            ],
            "name": "bookstore-db-sg",
            "name_prefix": "",
            "owner_id": "120123127742",
            "revoke_rules_on_delete": false,
            "tags": {
              "Environment": "dev",
              "Name": "bookstore-db-sg"
            },
            "tags_all": {
              "Environment": "dev",
              "Name": "bookstore-db-sg"
            },
            "timeouts": null,
            "vpc_id": "vpc-081e3e04646dfe377"
          },
          "sensitive_attributes": [],
          "private": "eyJlMmJmYjczMC1lY2FhLTExZTYtOGY4OC0zNDM2M2JjN2M0YzAiOnsiY3JlYXRlIjo2MDAwMDAwMDAwMDAsImRlbGV0ZSI6OTAwMDAwMDAwMDAwfSwic2NoZW1hX3ZlcnNpb24iOiIxIn0=",
          "dependencies": [
            "aws_security_group.alb_sg",
            "aws_security_group.instance_sg"
          ]
        }
      ]
    },
    {
      "mode": "managed",
      "type": "aws_security_group",
      "name": "efs_sg",
      "provider": "provider[\"registry.terraform.io/hashicorp/aws\"]",
      "instances": [
        {
          "schema_version": 1,
          "attributes": {
            "arn": "arn:aws:ec2:us-east-1:120123127742:security-group/sg-09717c6b7943ac0e8",
            "description": "Security group for EFS",
            "egress": [
              {
                "cidr_blocks": [
                  "0.0.0.0/0"
                ],
                "description": "",
                "from_port": 0,
                "ipv6_cidr_blocks": [],
                "prefix_list_ids": [],
                "protocol": "-1",
                "security_groups": [],
                "self": false,
                "to_port": 0
              }
            ],
            "id": "sg-09717c6b7943ac0e8",
            "ingress": [
              {
                "cidr_blocks": [],
                "description": "",
                "from_port": 2049,
                "ipv6_cidr_blocks": [],
                "prefix_list_ids": [],
                "protocol": "tcp",
                "security_groups": [
                  "sg-02d5a53470f713c3a"
                ],
                "self": false,
                "to_port": 2049
              }
            ],
            "name": "bookstore-efs-sg",
            "name_prefix": "",
            "owner_id": "120123127742",
            "revoke_rules_on_delete": false,
            "tags": {
              "Environment": "dev",
              "Name": "bookstore-efs-sg"
            },
            "tags_all": {
              "Environment": "dev",
              "Name": "bookstore-efs-sg"
            },
            "timeouts": null,
            "vpc_id": "vpc-081e3e04646dfe377"
          },
          "sensitive_attributes": [],
          "private": "eyJlMmJmYjczMC1lY2FhLTExZTYtOGY4OC0zNDM2M2JjN2M0YzAiOnsiY3JlYXRlIjo2MDAwMDAwMDAwMDAsImRlbGV0ZSI6OTAwMDAwMDAwMDAwfSwic2NoZW1hX3ZlcnNpb24iOiIxIn0=",
          "dependencies": [
            "aws_security_group.alb_sg",
            "aws_security_group.instance_sg"
          ]
        }
      ]
    },
    {
      "mode": "managed",
      "type": "aws_security_group",
      "name": "instance_sg",
      "provider": "provider[\"registry.terraform.io/hashicorp/aws\"]",
      "instances": [
        {
          "schema_version": 1,
          "attributes": {
            "arn": "arn:aws:ec2:us-east-1:120123127742:security-group/sg-02d5a53470f713c3a",
            "description": "Security group for EC2 instances",
            "egress": [
              {
                "cidr_blocks": [
                  "0.0.0.0/0"
                ],
                "description": "",
                "from_port": 0,
                "ipv6_cidr_blocks": [],
                "prefix_list_ids": [],
                "protocol": "-1",
                "security_groups": [],
                "self": false,
                "to_port": 0
              }
            ],
            "id": "sg-02d5a53470f713c3a",
            "ingress": [
              {
                "cidr_blocks": [
                  "0.0.0.0/0"
                ],
                "description": "",
                "from_port": 22,
                "ipv6_cidr_blocks": [],
                "prefix_list_ids": [],
                "protocol": "tcp",
                "security_groups": [],
                "self": false,
                "to_port": 22
              },
              {
                "cidr_blocks": [],
                "description": "",
                "from_port": 5000,
                "ipv6_cidr_blocks": [],
                "prefix_list_ids": [],
                "protocol": "tcp",
                "security_groups": [
                  "sg-0ff7eb6a75a56a237"
                ],
                "self": false,
                "to_port": 5000
              }
            ],
            "name": "bookstore-instance-sg",
            "name_prefix": "",
            "owner_id": "120123127742",
            "revoke_rules_on_delete": false,
            "tags": {
              "Environment": "dev",
              "Name": "bookstore-instance-sg"
            },
            "tags_all": {
              "Environment": "dev",
              "Name": "bookstore-instance-sg"
            },
            "timeouts": null,
            "vpc_id": "vpc-081e3e04646dfe377"
          },
          "sensitive_attributes": [],
          "private": "eyJlMmJmYjczMC1lY2FhLTExZTYtOGY4OC0zNDM2M2JjN2M0YzAiOnsiY3JlYXRlIjo2MDAwMDAwMDAwMDAsImRlbGV0ZSI6OTAwMDAwMDAwMDAwfSwic2NoZW1hX3ZlcnNpb24iOiIxIn0=",
          "dependencies": [
            "aws_security_group.alb_sg"
          ]
        }
      ]
    }
  ],
  "check_results": null
}
